// !$*UTF8*$!
{
	archiveVersion = 1;
	classes = {
	};
	objectVersion = 46;
	objects = {

/* Begin PBXBuildFile section */
		291BCB2916A827A20091F508 /* Status.m in Sources */ = {isa = PBXBuildFile; fileRef = 291BCB2816A827A20091F508 /* Status.m */; };
		291BCB2C16A8295F0091F508 /* User.m in Sources */ = {isa = PBXBuildFile; fileRef = 291BCB2B16A8295F0091F508 /* User.m */; };
		291F889816CF7B3D004F7363 /* PullRefreshTableViewController.m in Sources */ = {isa = PBXBuildFile; fileRef = 291F889716CF7B3D004F7363 /* PullRefreshTableViewController.m */; };
		291F889D16CF8E9D004F7363 /* SORelativeDateTransformer.bundle in Resources */ = {isa = PBXBuildFile; fileRef = 291F889A16CF8E9D004F7363 /* SORelativeDateTransformer.bundle */; };
		291F889E16CF8E9D004F7363 /* SORelativeDateTransformer.m in Sources */ = {isa = PBXBuildFile; fileRef = 291F889C16CF8E9D004F7363 /* SORelativeDateTransformer.m */; };
		292582C916A79A7600B2B2F5 /* Delicious-32p.png in Resources */ = {isa = PBXBuildFile; fileRef = 292582C216A79A7600B2B2F5 /* Delicious-32p.png */; };
		292582CA16A79A7600B2B2F5 /* Digg-32p.png in Resources */ = {isa = PBXBuildFile; fileRef = 292582C316A79A7600B2B2F5 /* Digg-32p.png */; };
		292582CB16A79A7600B2B2F5 /* Technorati-32p.png in Resources */ = {isa = PBXBuildFile; fileRef = 292582C416A79A7600B2B2F5 /* Technorati-32p.png */; };
		292582CC16A79A7600B2B2F5 /* Contact-32p.png in Resources */ = {isa = PBXBuildFile; fileRef = 292582C516A79A7600B2B2F5 /* Contact-32p.png */; };
		292582CD16A79A7600B2B2F5 /* Calendar-32p.png in Resources */ = {isa = PBXBuildFile; fileRef = 292582C616A79A7600B2B2F5 /* Calendar-32p.png */; };
		292582CE16A79A7600B2B2F5 /* Comments-32p.png in Resources */ = {isa = PBXBuildFile; fileRef = 292582C716A79A7600B2B2F5 /* Comments-32p.png */; };
		292582CF16A79A7600B2B2F5 /* Home-32p.png in Resources */ = {isa = PBXBuildFile; fileRef = 292582C816A79A7600B2B2F5 /* Home-32p.png */; };
		29336C5716B7659700071EE7 /* HtmlString.m in Sources */ = {isa = PBXBuildFile; fileRef = 29336C5416B7659700071EE7 /* HtmlString.m */; settings = {COMPILER_FLAGS = "-fno-objc-arc"; }; };
		29336C5816B7659700071EE7 /* RegexKitLite.m in Sources */ = {isa = PBXBuildFile; fileRef = 29336C5616B7659700071EE7 /* RegexKitLite.m */; settings = {COMPILER_FLAGS = "-fno-objc-arc"; }; };
		29336C5A16B7674100071EE7 /* libicucore.dylib in Frameworks */ = {isa = PBXBuildFile; fileRef = 29336C5916B7674100071EE7 /* libicucore.dylib */; };
		294D2BF916C292A600478BB6 /* Comment.m in Sources */ = {isa = PBXBuildFile; fileRef = 294D2BF816C292A600478BB6 /* Comment.m */; };
		296400CA16C2236E00DCEF23 /* StatusDetailNameCell.m in Sources */ = {isa = PBXBuildFile; fileRef = 296400C916C2236E00DCEF23 /* StatusDetailNameCell.m */; };
		296400CC16C2238400DCEF23 /* StatusDetailNameCell.xib in Resources */ = {isa = PBXBuildFile; fileRef = 296400CB16C2238400DCEF23 /* StatusDetailNameCell.xib */; };
		296400CF16C223FE00DCEF23 /* StatusDetailContentCell.m in Sources */ = {isa = PBXBuildFile; fileRef = 296400CE16C223FE00DCEF23 /* StatusDetailContentCell.m */; };
		296400D116C2240B00DCEF23 /* StatusDetailContentCell.xib in Resources */ = {isa = PBXBuildFile; fileRef = 296400D016C2240B00DCEF23 /* StatusDetailContentCell.xib */; };
		296400D316C24A7000DCEF23 /* StatusDetailCommentCell.xib in Resources */ = {isa = PBXBuildFile; fileRef = 296400D216C24A7000DCEF23 /* StatusDetailCommentCell.xib */; };
		296400D616C24A8A00DCEF23 /* StatusDetailCommentCell.m in Sources */ = {isa = PBXBuildFile; fileRef = 296400D516C24A8A00DCEF23 /* StatusDetailCommentCell.m */; };
		2968345916A6F70000497598 /* UIKit.framework in Frameworks */ = {isa = PBXBuildFile; fileRef = 2968345816A6F70000497598 /* UIKit.framework */; };
		2968345B16A6F70000497598 /* Foundation.framework in Frameworks */ = {isa = PBXBuildFile; fileRef = 2968345A16A6F70000497598 /* Foundation.framework */; };
		2968345D16A6F70000497598 /* CoreGraphics.framework in Frameworks */ = {isa = PBXBuildFile; fileRef = 2968345C16A6F70000497598 /* CoreGraphics.framework */; };
		2968346316A6F70000497598 /* InfoPlist.strings in Resources */ = {isa = PBXBuildFile; fileRef = 2968346116A6F70000497598 /* InfoPlist.strings */; };
		2968346516A6F70000497598 /* main.m in Sources */ = {isa = PBXBuildFile; fileRef = 2968346416A6F70000497598 /* main.m */; };
		2968346916A6F70000497598 /* AppDelegate.m in Sources */ = {isa = PBXBuildFile; fileRef = 2968346816A6F70000497598 /* AppDelegate.m */; };
		2968346B16A6F70000497598 /* Default.png in Resources */ = {isa = PBXBuildFile; fileRef = 2968346A16A6F70000497598 /* Default.png */; };
		2968346F16A6F70000497598 /* Default-568h@2x.png in Resources */ = {isa = PBXBuildFile; fileRef = 2968346E16A6F70000497598 /* Default-568h@2x.png */; };
		2968348A16A6F87D00497598 /* JSONKit.m in Sources */ = {isa = PBXBuildFile; fileRef = 2968348016A6F87D00497598 /* JSONKit.m */; settings = {COMPILER_FLAGS = "-fno-objc-arc"; }; };
		2968348B16A6F87D00497598 /* SinaWeibo.bundle in Resources */ = {isa = PBXBuildFile; fileRef = 2968348216A6F87D00497598 /* SinaWeibo.bundle */; };
		2968348C16A6F87D00497598 /* SinaWeibo.m in Sources */ = {isa = PBXBuildFile; fileRef = 2968348416A6F87D00497598 /* SinaWeibo.m */; settings = {COMPILER_FLAGS = "-fno-objc-arc"; }; };
		2968348D16A6F87D00497598 /* SinaWeiboAuthorizeView.m in Sources */ = {isa = PBXBuildFile; fileRef = 2968348616A6F87D00497598 /* SinaWeiboAuthorizeView.m */; settings = {COMPILER_FLAGS = "-fno-objc-arc"; }; };
		2968348E16A6F87D00497598 /* SinaWeiboRequest.m in Sources */ = {isa = PBXBuildFile; fileRef = 2968348916A6F87D00497598 /* SinaWeiboRequest.m */; settings = {COMPILER_FLAGS = "-fno-objc-arc"; }; };
		2968349216A6F9E500497598 /* MainPageViewController.m in Sources */ = {isa = PBXBuildFile; fileRef = 2968349116A6F9E500497598 /* MainPageViewController.m */; settings = {COMPILER_FLAGS = "-fno-objc-arc"; }; };
		2968349516A6FA0900497598 /* MentionsViewController.m in Sources */ = {isa = PBXBuildFile; fileRef = 2968349416A6FA0900497598 /* MentionsViewController.m */; settings = {COMPILER_FLAGS = "-fno-objc-arc"; }; };
		2968349816A6FA5B00497598 /* FollowAndFansViewController.m in Sources */ = {isa = PBXBuildFile; fileRef = 2968349716A6FA5B00497598 /* FollowAndFansViewController.m */; settings = {COMPILER_FLAGS = "-fno-objc-arc"; }; };
		2968349B16A6FA8600497598 /* ProfileViewController.m in Sources */ = {isa = PBXBuildFile; fileRef = 2968349A16A6FA8600497598 /* ProfileViewController.m */; settings = {COMPILER_FLAGS = "-fno-objc-arc"; }; };
		2968349E16A6FA9600497598 /* SettingsViewController.m in Sources */ = {isa = PBXBuildFile; fileRef = 2968349D16A6FA9600497598 /* SettingsViewController.m */; settings = {COMPILER_FLAGS = "-fno-objc-arc"; }; };
		29751D8E16BFC3CC00F1EC9F /* StatusDetailViewController.m in Sources */ = {isa = PBXBuildFile; fileRef = 29751D8D16BFC3CC00F1EC9F /* StatusDetailViewController.m */; };
		2978D7D716AD2A980002E134 /* QuartzCore.framework in Frameworks */ = {isa = PBXBuildFile; fileRef = 2978D7D616AD2A980002E134 /* QuartzCore.framework */; };
		2978D7DD16AD2C880002E134 /* WriteWbViewController.m in Sources */ = {isa = PBXBuildFile; fileRef = 2978D7DC16AD2C880002E134 /* WriteWbViewController.m */; };
		2985358816BF687D0026E4BB /* down.png in Resources */ = {isa = PBXBuildFile; fileRef = 2985355F16BF687D0026E4BB /* down.png */; };
		2985358916BF687D0026E4BB /* up.png in Resources */ = {isa = PBXBuildFile; fileRef = 2985356016BF687D0026E4BB /* up.png */; };
		2985358A16BF687D0026E4BB /* down@2x.png in Resources */ = {isa = PBXBuildFile; fileRef = 2985356116BF687D0026E4BB /* down@2x.png */; };
		2985358B16BF687D0026E4BB /* up@2x.png in Resources */ = {isa = PBXBuildFile; fileRef = 2985356216BF687D0026E4BB /* up@2x.png */; };
		2985358C16BF687D0026E4BB /* navBarShadow.png in Resources */ = {isa = PBXBuildFile; fileRef = 2985356316BF687D0026E4BB /* navBarShadow.png */; };
		2985358D16BF687D0026E4BB /* navBarShadow@2x.png in Resources */ = {isa = PBXBuildFile; fileRef = 2985356416BF687D0026E4BB /* navBarShadow@2x.png */; };
		2985358E16BF687D0026E4BB /* noSwitch.png in Resources */ = {isa = PBXBuildFile; fileRef = 2985356516BF687D0026E4BB /* noSwitch.png */; };
		2985358F16BF687D0026E4BB /* noSwitch@2x.png in Resources */ = {isa = PBXBuildFile; fileRef = 2985356616BF687D0026E4BB /* noSwitch@2x.png */; };
		2985359016BF687D0026E4BB /* yesSwitch.png in Resources */ = {isa = PBXBuildFile; fileRef = 2985356716BF687D0026E4BB /* yesSwitch.png */; };
		2985359116BF687D0026E4BB /* yesSwitch@2x.png in Resources */ = {isa = PBXBuildFile; fileRef = 2985356816BF687D0026E4BB /* yesSwitch@2x.png */; };
		2985359216BF687D0026E4BB /* attribution.txt in Resources */ = {isa = PBXBuildFile; fileRef = 2985356916BF687D0026E4BB /* attribution.txt */; };
		2985359316BF687D0026E4BB /* bg_sand.png in Resources */ = {isa = PBXBuildFile; fileRef = 2985356A16BF687D0026E4BB /* bg_sand.png */; };
		2985359416BF687D0026E4BB /* button_back_textured_24.png in Resources */ = {isa = PBXBuildFile; fileRef = 2985356B16BF687D0026E4BB /* button_back_textured_24.png */; };
		2985359516BF687D0026E4BB /* button_back_textured_30.png in Resources */ = {isa = PBXBuildFile; fileRef = 2985356C16BF687D0026E4BB /* button_back_textured_30.png */; };
		2985359616BF687D0026E4BB /* button_textured_24.png in Resources */ = {isa = PBXBuildFile; fileRef = 2985356D16BF687D0026E4BB /* button_textured_24.png */; };
		2985359716BF687D0026E4BB /* button_textured_30.png in Resources */ = {isa = PBXBuildFile; fileRef = 2985356E16BF687D0026E4BB /* button_textured_30.png */; };
		2985359816BF687D0026E4BB /* segcontrol_sel-uns.png in Resources */ = {isa = PBXBuildFile; fileRef = 2985356F16BF687D0026E4BB /* segcontrol_sel-uns.png */; };
		2985359916BF687D0026E4BB /* segcontrol_sel.png in Resources */ = {isa = PBXBuildFile; fileRef = 2985357016BF687D0026E4BB /* segcontrol_sel.png */; };
		2985359A16BF687D0026E4BB /* segcontrol_uns-sel.png in Resources */ = {isa = PBXBuildFile; fileRef = 2985357116BF687D0026E4BB /* segcontrol_uns-sel.png */; };
		2985359B16BF687D0026E4BB /* segcontrol_uns-uns.png in Resources */ = {isa = PBXBuildFile; fileRef = 2985357216BF687D0026E4BB /* segcontrol_uns-uns.png */; };
		2985359C16BF687D0026E4BB /* segcontrol_uns.png in Resources */ = {isa = PBXBuildFile; fileRef = 2985357316BF687D0026E4BB /* segcontrol_uns.png */; };
		2985359D16BF687D0026E4BB /* slider_maximum.png in Resources */ = {isa = PBXBuildFile; fileRef = 2985357416BF687D0026E4BB /* slider_maximum.png */; };
		2985359E16BF687D0026E4BB /* slider_minimum.png in Resources */ = {isa = PBXBuildFile; fileRef = 2985357516BF687D0026E4BB /* slider_minimum.png */; };
		2985359F16BF687D0026E4BB /* surf1.png in Resources */ = {isa = PBXBuildFile; fileRef = 2985357616BF687D0026E4BB /* surf1.png */; };
		298535A016BF687D0026E4BB /* surf2.png in Resources */ = {isa = PBXBuildFile; fileRef = 2985357716BF687D0026E4BB /* surf2.png */; };
		298535A116BF687D0026E4BB /* surf3.png in Resources */ = {isa = PBXBuildFile; fileRef = 2985357816BF687D0026E4BB /* surf3.png */; };
		298535A216BF687D0026E4BB /* surf_gradient_textured_32.png in Resources */ = {isa = PBXBuildFile; fileRef = 2985357916BF687D0026E4BB /* surf_gradient_textured_32.png */; };
		298535A316BF687D0026E4BB /* surf_gradient_textured_44.png in Resources */ = {isa = PBXBuildFile; fileRef = 2985357A16BF687D0026E4BB /* surf_gradient_textured_44.png */; };
		298535A416BF687D0026E4BB /* tab_bg.png in Resources */ = {isa = PBXBuildFile; fileRef = 2985357B16BF687D0026E4BB /* tab_bg.png */; };
		298535A516BF687D0026E4BB /* tab_select_indicator.png in Resources */ = {isa = PBXBuildFile; fileRef = 2985357C16BF687D0026E4BB /* tab_select_indicator.png */; };
		298535A616BF687D0026E4BB /* table_cell_top.png in Resources */ = {isa = PBXBuildFile; fileRef = 2985357D16BF687D0026E4BB /* table_cell_top.png */; };
		298535A716BF687D0026E4BB /* table_cell_top_sel.png in Resources */ = {isa = PBXBuildFile; fileRef = 2985357E16BF687D0026E4BB /* table_cell_top_sel.png */; };
		298535A816BF687D0026E4BB /* table_cell_mid.png in Resources */ = {isa = PBXBuildFile; fileRef = 2985357F16BF687D0026E4BB /* table_cell_mid.png */; };
		298535A916BF687D0026E4BB /* table_cell_mid_sel.png in Resources */ = {isa = PBXBuildFile; fileRef = 2985358016BF687D0026E4BB /* table_cell_mid_sel.png */; };
		298535AA16BF687D0026E4BB /* table_cell_bottom.png in Resources */ = {isa = PBXBuildFile; fileRef = 2985358116BF687D0026E4BB /* table_cell_bottom.png */; };
		298535AB16BF687D0026E4BB /* table_cell_bottom_sel.png in Resources */ = {isa = PBXBuildFile; fileRef = 2985358216BF687D0026E4BB /* table_cell_bottom_sel.png */; };
		298535AC16BF687D0026E4BB /* table_cell_single.png in Resources */ = {isa = PBXBuildFile; fileRef = 2985358316BF687D0026E4BB /* table_cell_single.png */; };
		298535AD16BF687D0026E4BB /* table_cell_single_sel.png in Resources */ = {isa = PBXBuildFile; fileRef = 2985358416BF687D0026E4BB /* table_cell_single_sel.png */; };
		298535AE16BF687D0026E4BB /* text_field_teal.png in Resources */ = {isa = PBXBuildFile; fileRef = 2985358516BF687D0026E4BB /* text_field_teal.png */; };
		298535AF16BF687D0026E4BB /* thumb.png in Resources */ = {isa = PBXBuildFile; fileRef = 2985358616BF687D0026E4BB /* thumb.png */; };
		298535B016BF687D0026E4BB /* title.png in Resources */ = {isa = PBXBuildFile; fileRef = 2985358716BF687D0026E4BB /* title.png */; };
		2986386316C49D6600334EA0 /* UserDetailViewController.m in Sources */ = {isa = PBXBuildFile; fileRef = 2986386216C49D6600334EA0 /* UserDetailViewController.m */; };
		2986386616C4A24F00334EA0 /* UserDetailNameCell.m in Sources */ = {isa = PBXBuildFile; fileRef = 2986386516C4A24F00334EA0 /* UserDetailNameCell.m */; };
		2986386B16C4A34F00334EA0 /* UserDetailNameCell.xib in Resources */ = {isa = PBXBuildFile; fileRef = 2986386A16C4A34F00334EA0 /* UserDetailNameCell.xib */; };
		2986386E16C4A47100334EA0 /* UserDetailInfoCell.m in Sources */ = {isa = PBXBuildFile; fileRef = 2986386D16C4A47100334EA0 /* UserDetailInfoCell.m */; };
		2986387016C4A48B00334EA0 /* UserDetailInfoCell.xib in Resources */ = {isa = PBXBuildFile; fileRef = 2986386F16C4A48B00334EA0 /* UserDetailInfoCell.xib */; };
		2986387716C4DE7F00334EA0 /* UserDetailIntroCell.xib in Resources */ = {isa = PBXBuildFile; fileRef = 2986387616C4DE7F00334EA0 /* UserDetailIntroCell.xib */; };
		2986387A16C4DE8F00334EA0 /* UserDetailIntroCell.m in Sources */ = {isa = PBXBuildFile; fileRef = 2986387916C4DE8E00334EA0 /* UserDetailIntroCell.m */; };
		2986387C16C4F56600334EA0 /* QQ20130208-1p.png in Resources */ = {isa = PBXBuildFile; fileRef = 2986387B16C4F56600334EA0 /* QQ20130208-1p.png */; };
		2986387E16C4F76400334EA0 /* Default@2x.png in Resources */ = {isa = PBXBuildFile; fileRef = 2986387D16C4F76400334EA0 /* Default@2x.png */; };
		29886BA016ACED7500CA7E8C /* SinaWeiboManager.m in Sources */ = {isa = PBXBuildFile; fileRef = 29886B9F16ACED7500CA7E8C /* SinaWeiboManager.m */; };
		29ABDDE116B61C13008D1500 /* STTweetLabel.m in Sources */ = {isa = PBXBuildFile; fileRef = 29ABDDE016B61C13008D1500 /* STTweetLabel.m */; };
		29B69C7416BA4B5600F3F446 /* timeline_rt_border@2x.png in Resources */ = {isa = PBXBuildFile; fileRef = 29B69C7216BA4B5600F3F446 /* timeline_rt_border@2x.png */; };
		29B69C7516BA4B5600F3F446 /* timeline_rt_border.png in Resources */ = {isa = PBXBuildFile; fileRef = 29B69C7316BA4B5600F3F446 /* timeline_rt_border.png */; };
		29CD822A16AF8F3800F4114F /* StatusCell.m in Sources */ = {isa = PBXBuildFile; fileRef = 29CD822916AF8F3800F4114F /* StatusCell.m */; };
		29CD822D16AF8F7000F4114F /* StatusCell.xib in Resources */ = {isa = PBXBuildFile; fileRef = 29CD822C16AF8F7000F4114F /* StatusCell.xib */; };
		29CD823016AF91B900F4114F /* avatar_vip.png in Resources */ = {isa = PBXBuildFile; fileRef = 29CD822E16AF91B900F4114F /* avatar_vip.png */; };
		29CD823116AF91B900F4114F /* avatar_vip@2x.png in Resources */ = {isa = PBXBuildFile; fileRef = 29CD822F16AF91B900F4114F /* avatar_vip@2x.png */; };
		29CD823416AF91E000F4114F /* female.png in Resources */ = {isa = PBXBuildFile; fileRef = 29CD823216AF91E000F4114F /* female.png */; };
		29CD823516AF91E000F4114F /* female@2x.png in Resources */ = {isa = PBXBuildFile; fileRef = 29CD823316AF91E000F4114F /* female@2x.png */; };
		29CD824416AF920C00F4114F /* loadingImage_50x118.png in Resources */ = {isa = PBXBuildFile; fileRef = 29CD823616AF920C00F4114F /* loadingImage_50x118.png */; };
		29CD824516AF920C00F4114F /* loadingImage_50x118@2x.png in Resources */ = {isa = PBXBuildFile; fileRef = 29CD823716AF920C00F4114F /* loadingImage_50x118@2x.png */; };
		29CD824616AF920C00F4114F /* male.png in Resources */ = {isa = PBXBuildFile; fileRef = 29CD823816AF920C00F4114F /* male.png */; };
		29CD824716AF920C00F4114F /* male@2x.png in Resources */ = {isa = PBXBuildFile; fileRef = 29CD823916AF920C00F4114F /* male@2x.png */; };
		29CD824816AF920C00F4114F /* noImage50x118.png in Resources */ = {isa = PBXBuildFile; fileRef = 29CD823A16AF920C00F4114F /* noImage50x118.png */; };
		29CD824916AF920C00F4114F /* noImage50x118@2x.png in Resources */ = {isa = PBXBuildFile; fileRef = 29CD823B16AF920C00F4114F /* noImage50x118@2x.png */; };
		29CD824A16AF920C00F4114F /* timeline_comment_count_icon.png in Resources */ = {isa = PBXBuildFile; fileRef = 29CD823C16AF920C00F4114F /* timeline_comment_count_icon.png */; };
		29CD824B16AF920C00F4114F /* timeline_comment_count_icon@2x.png in Resources */ = {isa = PBXBuildFile; fileRef = 29CD823D16AF920C00F4114F /* timeline_comment_count_icon@2x.png */; };
		29CD824C16AF920C00F4114F /* timeline_image_icon.png in Resources */ = {isa = PBXBuildFile; fileRef = 29CD823E16AF920C00F4114F /* timeline_image_icon.png */; };
		29CD824D16AF920C00F4114F /* timeline_image_icon@2x.png in Resources */ = {isa = PBXBuildFile; fileRef = 29CD823F16AF920C00F4114F /* timeline_image_icon@2x.png */; };
		29CD824E16AF920C00F4114F /* timeline_retweet_count_icon.png in Resources */ = {isa = PBXBuildFile; fileRef = 29CD824016AF920C00F4114F /* timeline_retweet_count_icon.png */; };
		29CD824F16AF920C00F4114F /* timeline_retweet_count_icon@2x.png in Resources */ = {isa = PBXBuildFile; fileRef = 29CD824116AF920C00F4114F /* timeline_retweet_count_icon@2x.png */; };
		29CD825016AF920C00F4114F /* touxiang_40x40.png in Resources */ = {isa = PBXBuildFile; fileRef = 29CD824216AF920C00F4114F /* touxiang_40x40.png */; };
		29CD825116AF920C00F4114F /* touxiang_40x40@2x.png in Resources */ = {isa = PBXBuildFile; fileRef = 29CD824316AF920C00F4114F /* touxiang_40x40@2x.png */; };
		29CD825316AF928D00F4114F /* refresh.png in Resources */ = {isa = PBXBuildFile; fileRef = 29CD825216AF928D00F4114F /* refresh.png */; };
		29E96D0616C6035A003B9CBE /* tabbar_whitebtn.png in Resources */ = {isa = PBXBuildFile; fileRef = 29E96D0216C6035A003B9CBE /* tabbar_whitebtn.png */; };
		29E96D0716C6035A003B9CBE /* tabbar_whitebtn@2x.png in Resources */ = {isa = PBXBuildFile; fileRef = 29E96D0316C6035A003B9CBE /* tabbar_whitebtn@2x.png */; };
		29E96D0816C6035A003B9CBE /* tabbar_greenbtn.png in Resources */ = {isa = PBXBuildFile; fileRef = 29E96D0416C6035A003B9CBE /* tabbar_greenbtn.png */; };
		29E96D0916C6035A003B9CBE /* tabbar_greenbtn@2x.png in Resources */ = {isa = PBXBuildFile; fileRef = 29E96D0516C6035A003B9CBE /* tabbar_greenbtn@2x.png */; };
		29E9703A16B25DEB00D12F0A /* AFHTTPClient.m in Sources */ = {isa = PBXBuildFile; fileRef = 29E9702816B25DEB00D12F0A /* AFHTTPClient.m */; };
		29E9703B16B25DEB00D12F0A /* AFHTTPRequestOperation.m in Sources */ = {isa = PBXBuildFile; fileRef = 29E9702A16B25DEB00D12F0A /* AFHTTPRequestOperation.m */; };
		29E9703C16B25DEB00D12F0A /* AFImageRequestOperation.m in Sources */ = {isa = PBXBuildFile; fileRef = 29E9702C16B25DEB00D12F0A /* AFImageRequestOperation.m */; };
		29E9703D16B25DEB00D12F0A /* AFJSONRequestOperation.m in Sources */ = {isa = PBXBuildFile; fileRef = 29E9702E16B25DEB00D12F0A /* AFJSONRequestOperation.m */; };
		29E9703E16B25DEB00D12F0A /* AFNetworkActivityIndicatorManager.m in Sources */ = {isa = PBXBuildFile; fileRef = 29E9703016B25DEB00D12F0A /* AFNetworkActivityIndicatorManager.m */; };
		29E9703F16B25DEB00D12F0A /* AFPropertyListRequestOperation.m in Sources */ = {isa = PBXBuildFile; fileRef = 29E9703316B25DEB00D12F0A /* AFPropertyListRequestOperation.m */; };
		29E9704016B25DEB00D12F0A /* AFURLConnectionOperation.m in Sources */ = {isa = PBXBuildFile; fileRef = 29E9703516B25DEB00D12F0A /* AFURLConnectionOperation.m */; };
		29E9704116B25DEB00D12F0A /* AFXMLRequestOperation.m in Sources */ = {isa = PBXBuildFile; fileRef = 29E9703716B25DEB00D12F0A /* AFXMLRequestOperation.m */; };
		29E9704216B25DEB00D12F0A /* UIImageView+AFNetworking.m in Sources */ = {isa = PBXBuildFile; fileRef = 29E9703916B25DEB00D12F0A /* UIImageView+AFNetworking.m */; };
/* End PBXBuildFile section */

/* Begin PBXFileReference section */
		2908D14F16CFADF400D94BF5 /* zh-Hans */ = {isa = PBXFileReference; lastKnownFileType = text.plist.strings; name = "zh-Hans"; path = "zh-Hans.lproj/InfoPlist.strings"; sourceTree = "<group>"; };
		291BCB2716A827A20091F508 /* Status.h */ = {isa = PBXFileReference; fileEncoding = 4; lastKnownFileType = sourcecode.c.h; path = Status.h; sourceTree = "<group>"; };
		291BCB2816A827A20091F508 /* Status.m */ = {isa = PBXFileReference; fileEncoding = 4; lastKnownFileType = sourcecode.c.objc; path = Status.m; sourceTree = "<group>"; };
		291BCB2A16A8295F0091F508 /* User.h */ = {isa = PBXFileReference; fileEncoding = 4; lastKnownFileType = sourcecode.c.h; path = User.h; sourceTree = "<group>"; };
		291BCB2B16A8295F0091F508 /* User.m */ = {isa = PBXFileReference; fileEncoding = 4; lastKnownFileType = sourcecode.c.objc; path = User.m; sourceTree = "<group>"; };
		291F889616CF7B3D004F7363 /* PullRefreshTableViewController.h */ = {isa = PBXFileReference; fileEncoding = 4; lastKnownFileType = sourcecode.c.h; path = PullRefreshTableViewController.h; sourceTree = "<group>"; };
		291F889716CF7B3D004F7363 /* PullRefreshTableViewController.m */ = {isa = PBXFileReference; fileEncoding = 4; lastKnownFileType = sourcecode.c.objc; path = PullRefreshTableViewController.m; sourceTree = "<group>"; };
		291F889A16CF8E9D004F7363 /* SORelativeDateTransformer.bundle */ = {isa = PBXFileReference; lastKnownFileType = "wrapper.plug-in"; path = SORelativeDateTransformer.bundle; sourceTree = "<group>"; };
		291F889B16CF8E9D004F7363 /* SORelativeDateTransformer.h */ = {isa = PBXFileReference; fileEncoding = 4; lastKnownFileType = sourcecode.c.h; path = SORelativeDateTransformer.h; sourceTree = "<group>"; };
		291F889C16CF8E9D004F7363 /* SORelativeDateTransformer.m */ = {isa = PBXFileReference; fileEncoding = 4; lastKnownFileType = sourcecode.c.objc; path = SORelativeDateTransformer.m; sourceTree = "<group>"; };
		292582C216A79A7600B2B2F5 /* Delicious-32p.png */ = {isa = PBXFileReference; lastKnownFileType = image.png; path = "Delicious-32p.png"; sourceTree = "<group>"; };
		292582C316A79A7600B2B2F5 /* Digg-32p.png */ = {isa = PBXFileReference; lastKnownFileType = image.png; path = "Digg-32p.png"; sourceTree = "<group>"; };
		292582C416A79A7600B2B2F5 /* Technorati-32p.png */ = {isa = PBXFileReference; lastKnownFileType = image.png; path = "Technorati-32p.png"; sourceTree = "<group>"; };
		292582C516A79A7600B2B2F5 /* Contact-32p.png */ = {isa = PBXFileReference; lastKnownFileType = image.png; path = "Contact-32p.png"; sourceTree = "<group>"; };
		292582C616A79A7600B2B2F5 /* Calendar-32p.png */ = {isa = PBXFileReference; lastKnownFileType = image.png; path = "Calendar-32p.png"; sourceTree = "<group>"; };
		292582C716A79A7600B2B2F5 /* Comments-32p.png */ = {isa = PBXFileReference; lastKnownFileType = image.png; path = "Comments-32p.png"; sourceTree = "<group>"; };
		292582C816A79A7600B2B2F5 /* Home-32p.png */ = {isa = PBXFileReference; lastKnownFileType = image.png; path = "Home-32p.png"; sourceTree = "<group>"; };
		29336C5316B7659700071EE7 /* HtmlString.h */ = {isa = PBXFileReference; fileEncoding = 4; lastKnownFileType = sourcecode.c.h; path = HtmlString.h; sourceTree = "<group>"; };
		29336C5416B7659700071EE7 /* HtmlString.m */ = {isa = PBXFileReference; fileEncoding = 4; lastKnownFileType = sourcecode.c.objc; path = HtmlString.m; sourceTree = "<group>"; };
		29336C5516B7659700071EE7 /* RegexKitLite.h */ = {isa = PBXFileReference; fileEncoding = 4; lastKnownFileType = sourcecode.c.h; path = RegexKitLite.h; sourceTree = "<group>"; };
		29336C5616B7659700071EE7 /* RegexKitLite.m */ = {isa = PBXFileReference; fileEncoding = 4; lastKnownFileType = sourcecode.c.objc; path = RegexKitLite.m; sourceTree = "<group>"; };
		29336C5916B7674100071EE7 /* libicucore.dylib */ = {isa = PBXFileReference; lastKnownFileType = "compiled.mach-o.dylib"; name = libicucore.dylib; path = usr/lib/libicucore.dylib; sourceTree = SDKROOT; };
		294D2BF716C292A600478BB6 /* Comment.h */ = {isa = PBXFileReference; fileEncoding = 4; lastKnownFileType = sourcecode.c.h; path = Comment.h; sourceTree = "<group>"; };
		294D2BF816C292A600478BB6 /* Comment.m */ = {isa = PBXFileReference; fileEncoding = 4; lastKnownFileType = sourcecode.c.objc; path = Comment.m; sourceTree = "<group>"; };
		296400C816C2236E00DCEF23 /* StatusDetailNameCell.h */ = {isa = PBXFileReference; fileEncoding = 4; lastKnownFileType = sourcecode.c.h; path = StatusDetailNameCell.h; sourceTree = "<group>"; };
		296400C916C2236E00DCEF23 /* StatusDetailNameCell.m */ = {isa = PBXFileReference; fileEncoding = 4; lastKnownFileType = sourcecode.c.objc; path = StatusDetailNameCell.m; sourceTree = "<group>"; };
		296400CB16C2238400DCEF23 /* StatusDetailNameCell.xib */ = {isa = PBXFileReference; fileEncoding = 4; lastKnownFileType = file.xib; path = StatusDetailNameCell.xib; sourceTree = "<group>"; };
		296400CD16C223FE00DCEF23 /* StatusDetailContentCell.h */ = {isa = PBXFileReference; fileEncoding = 4; lastKnownFileType = sourcecode.c.h; path = StatusDetailContentCell.h; sourceTree = "<group>"; };
		296400CE16C223FE00DCEF23 /* StatusDetailContentCell.m */ = {isa = PBXFileReference; fileEncoding = 4; lastKnownFileType = sourcecode.c.objc; path = StatusDetailContentCell.m; sourceTree = "<group>"; };
		296400D016C2240B00DCEF23 /* StatusDetailContentCell.xib */ = {isa = PBXFileReference; fileEncoding = 4; lastKnownFileType = file.xib; path = StatusDetailContentCell.xib; sourceTree = "<group>"; };
		296400D216C24A7000DCEF23 /* StatusDetailCommentCell.xib */ = {isa = PBXFileReference; fileEncoding = 4; lastKnownFileType = file.xib; path = StatusDetailCommentCell.xib; sourceTree = "<group>"; };
		296400D416C24A8A00DCEF23 /* StatusDetailCommentCell.h */ = {isa = PBXFileReference; fileEncoding = 4; lastKnownFileType = sourcecode.c.h; path = StatusDetailCommentCell.h; sourceTree = "<group>"; };
		296400D516C24A8A00DCEF23 /* StatusDetailCommentCell.m */ = {isa = PBXFileReference; fileEncoding = 4; lastKnownFileType = sourcecode.c.objc; path = StatusDetailCommentCell.m; sourceTree = "<group>"; };
		2968345416A6F70000497598 /* Weibuu.app */ = {isa = PBXFileReference; explicitFileType = wrapper.application; includeInIndex = 0; path = Weibuu.app; sourceTree = BUILT_PRODUCTS_DIR; };
		2968345816A6F70000497598 /* UIKit.framework */ = {isa = PBXFileReference; lastKnownFileType = wrapper.framework; name = UIKit.framework; path = System/Library/Frameworks/UIKit.framework; sourceTree = SDKROOT; };
		2968345A16A6F70000497598 /* Foundation.framework */ = {isa = PBXFileReference; lastKnownFileType = wrapper.framework; name = Foundation.framework; path = System/Library/Frameworks/Foundation.framework; sourceTree = SDKROOT; };
		2968345C16A6F70000497598 /* CoreGraphics.framework */ = {isa = PBXFileReference; lastKnownFileType = wrapper.framework; name = CoreGraphics.framework; path = System/Library/Frameworks/CoreGraphics.framework; sourceTree = SDKROOT; };
		2968346016A6F70000497598 /* Weibuu-Info.plist */ = {isa = PBXFileReference; lastKnownFileType = text.plist.xml; path = "Weibuu-Info.plist"; sourceTree = "<group>"; };
		2968346216A6F70000497598 /* en */ = {isa = PBXFileReference; lastKnownFileType = text.plist.strings; name = en; path = en.lproj/InfoPlist.strings; sourceTree = "<group>"; };
		2968346416A6F70000497598 /* main.m */ = {isa = PBXFileReference; lastKnownFileType = sourcecode.c.objc; path = main.m; sourceTree = "<group>"; };
		2968346616A6F70000497598 /* Weibuu-Prefix.pch */ = {isa = PBXFileReference; lastKnownFileType = sourcecode.c.h; path = "Weibuu-Prefix.pch"; sourceTree = "<group>"; };
		2968346716A6F70000497598 /* AppDelegate.h */ = {isa = PBXFileReference; lastKnownFileType = sourcecode.c.h; path = AppDelegate.h; sourceTree = "<group>"; };
		2968346816A6F70000497598 /* AppDelegate.m */ = {isa = PBXFileReference; lastKnownFileType = sourcecode.c.objc; path = AppDelegate.m; sourceTree = "<group>"; };
		2968346A16A6F70000497598 /* Default.png */ = {isa = PBXFileReference; lastKnownFileType = image.png; path = Default.png; sourceTree = "<group>"; };
		2968346C16A6F70000497598 /* Default@2x.png */ = {isa = PBXFileReference; lastKnownFileType = image.png; path = "Default@2x.png"; sourceTree = "<group>"; };
		2968346E16A6F70000497598 /* Default-568h@2x.png */ = {isa = PBXFileReference; lastKnownFileType = image.png; path = "Default-568h@2x.png"; sourceTree = "<group>"; };
		2968347F16A6F87D00497598 /* JSONKit.h */ = {isa = PBXFileReference; fileEncoding = 4; lastKnownFileType = sourcecode.c.h; path = JSONKit.h; sourceTree = "<group>"; };
		2968348016A6F87D00497598 /* JSONKit.m */ = {isa = PBXFileReference; fileEncoding = 4; lastKnownFileType = sourcecode.c.objc; path = JSONKit.m; sourceTree = "<group>"; };
		2968348216A6F87D00497598 /* SinaWeibo.bundle */ = {isa = PBXFileReference; lastKnownFileType = "wrapper.plug-in"; path = SinaWeibo.bundle; sourceTree = "<group>"; };
		2968348316A6F87D00497598 /* SinaWeibo.h */ = {isa = PBXFileReference; fileEncoding = 4; lastKnownFileType = sourcecode.c.h; path = SinaWeibo.h; sourceTree = "<group>"; };
		2968348416A6F87D00497598 /* SinaWeibo.m */ = {isa = PBXFileReference; fileEncoding = 4; lastKnownFileType = sourcecode.c.objc; path = SinaWeibo.m; sourceTree = "<group>"; };
		2968348516A6F87D00497598 /* SinaWeiboAuthorizeView.h */ = {isa = PBXFileReference; fileEncoding = 4; lastKnownFileType = sourcecode.c.h; path = SinaWeiboAuthorizeView.h; sourceTree = "<group>"; };
		2968348616A6F87D00497598 /* SinaWeiboAuthorizeView.m */ = {isa = PBXFileReference; fileEncoding = 4; lastKnownFileType = sourcecode.c.objc; path = SinaWeiboAuthorizeView.m; sourceTree = "<group>"; };
		2968348716A6F87D00497598 /* SinaWeiboConstants.h */ = {isa = PBXFileReference; fileEncoding = 4; lastKnownFileType = sourcecode.c.h; path = SinaWeiboConstants.h; sourceTree = "<group>"; };
		2968348816A6F87D00497598 /* SinaWeiboRequest.h */ = {isa = PBXFileReference; fileEncoding = 4; lastKnownFileType = sourcecode.c.h; path = SinaWeiboRequest.h; sourceTree = "<group>"; };
		2968348916A6F87D00497598 /* SinaWeiboRequest.m */ = {isa = PBXFileReference; fileEncoding = 4; lastKnownFileType = sourcecode.c.objc; path = SinaWeiboRequest.m; sourceTree = "<group>"; };
		2968349016A6F9E500497598 /* MainPageViewController.h */ = {isa = PBXFileReference; fileEncoding = 4; lastKnownFileType = sourcecode.c.h; path = MainPageViewController.h; sourceTree = "<group>"; };
		2968349116A6F9E500497598 /* MainPageViewController.m */ = {isa = PBXFileReference; fileEncoding = 4; lastKnownFileType = sourcecode.c.objc; path = MainPageViewController.m; sourceTree = "<group>"; };
		2968349316A6FA0900497598 /* MentionsViewController.h */ = {isa = PBXFileReference; fileEncoding = 4; lastKnownFileType = sourcecode.c.h; path = MentionsViewController.h; sourceTree = "<group>"; };
		2968349416A6FA0900497598 /* MentionsViewController.m */ = {isa = PBXFileReference; fileEncoding = 4; lastKnownFileType = sourcecode.c.objc; path = MentionsViewController.m; sourceTree = "<group>"; };
		2968349616A6FA5B00497598 /* FollowAndFansViewController.h */ = {isa = PBXFileReference; fileEncoding = 4; lastKnownFileType = sourcecode.c.h; path = FollowAndFansViewController.h; sourceTree = "<group>"; };
		2968349716A6FA5B00497598 /* FollowAndFansViewController.m */ = {isa = PBXFileReference; fileEncoding = 4; lastKnownFileType = sourcecode.c.objc; path = FollowAndFansViewController.m; sourceTree = "<group>"; };
		2968349916A6FA8600497598 /* ProfileViewController.h */ = {isa = PBXFileReference; fileEncoding = 4; lastKnownFileType = sourcecode.c.h; path = ProfileViewController.h; sourceTree = "<group>"; };
		2968349A16A6FA8600497598 /* ProfileViewController.m */ = {isa = PBXFileReference; fileEncoding = 4; lastKnownFileType = sourcecode.c.objc; path = ProfileViewController.m; sourceTree = "<group>"; };
		2968349C16A6FA9600497598 /* SettingsViewController.h */ = {isa = PBXFileReference; fileEncoding = 4; lastKnownFileType = sourcecode.c.h; path = SettingsViewController.h; sourceTree = "<group>"; };
		2968349D16A6FA9600497598 /* SettingsViewController.m */ = {isa = PBXFileReference; fileEncoding = 4; lastKnownFileType = sourcecode.c.objc; path = SettingsViewController.m; sourceTree = "<group>"; };
		29751D8C16BFC3CC00F1EC9F /* StatusDetailViewController.h */ = {isa = PBXFileReference; fileEncoding = 4; lastKnownFileType = sourcecode.c.h; path = StatusDetailViewController.h; sourceTree = "<group>"; };
		29751D8D16BFC3CC00F1EC9F /* StatusDetailViewController.m */ = {isa = PBXFileReference; fileEncoding = 4; lastKnownFileType = sourcecode.c.objc; path = StatusDetailViewController.m; sourceTree = "<group>"; };
		2978D7D616AD2A980002E134 /* QuartzCore.framework */ = {isa = PBXFileReference; lastKnownFileType = wrapper.framework; name = QuartzCore.framework; path = System/Library/Frameworks/QuartzCore.framework; sourceTree = SDKROOT; };
		2978D7DB16AD2C880002E134 /* WriteWbViewController.h */ = {isa = PBXFileReference; fileEncoding = 4; lastKnownFileType = sourcecode.c.h; path = WriteWbViewController.h; sourceTree = "<group>"; };
		2978D7DC16AD2C880002E134 /* WriteWbViewController.m */ = {isa = PBXFileReference; fileEncoding = 4; lastKnownFileType = sourcecode.c.objc; path = WriteWbViewController.m; sourceTree = "<group>"; };
		297F86C316CB6ABB0046CA90 /* Default-568h@2x.png */ = {isa = PBXFileReference; lastKnownFileType = image.png; path = "Default-568h@2x.png"; sourceTree = "<group>"; };
		2985355F16BF687D0026E4BB /* down.png */ = {isa = PBXFileReference; lastKnownFileType = image.png; path = down.png; sourceTree = "<group>"; };
		2985356016BF687D0026E4BB /* up.png */ = {isa = PBXFileReference; lastKnownFileType = image.png; path = up.png; sourceTree = "<group>"; };
		2985356116BF687D0026E4BB /* down@2x.png */ = {isa = PBXFileReference; lastKnownFileType = image.png; path = "down@2x.png"; sourceTree = "<group>"; };
		2985356216BF687D0026E4BB /* up@2x.png */ = {isa = PBXFileReference; lastKnownFileType = image.png; path = "up@2x.png"; sourceTree = "<group>"; };
		2985356316BF687D0026E4BB /* navBarShadow.png */ = {isa = PBXFileReference; lastKnownFileType = image.png; path = navBarShadow.png; sourceTree = "<group>"; };
		2985356416BF687D0026E4BB /* navBarShadow@2x.png */ = {isa = PBXFileReference; lastKnownFileType = image.png; path = "navBarShadow@2x.png"; sourceTree = "<group>"; };
		2985356516BF687D0026E4BB /* noSwitch.png */ = {isa = PBXFileReference; lastKnownFileType = image.png; path = noSwitch.png; sourceTree = "<group>"; };
		2985356616BF687D0026E4BB /* noSwitch@2x.png */ = {isa = PBXFileReference; lastKnownFileType = image.png; path = "noSwitch@2x.png"; sourceTree = "<group>"; };
		2985356716BF687D0026E4BB /* yesSwitch.png */ = {isa = PBXFileReference; lastKnownFileType = image.png; path = yesSwitch.png; sourceTree = "<group>"; };
		2985356816BF687D0026E4BB /* yesSwitch@2x.png */ = {isa = PBXFileReference; lastKnownFileType = image.png; path = "yesSwitch@2x.png"; sourceTree = "<group>"; };
		2985356916BF687D0026E4BB /* attribution.txt */ = {isa = PBXFileReference; fileEncoding = 4; lastKnownFileType = text; path = attribution.txt; sourceTree = "<group>"; };
		2985356A16BF687D0026E4BB /* bg_sand.png */ = {isa = PBXFileReference; lastKnownFileType = image.png; path = bg_sand.png; sourceTree = "<group>"; };
		2985356B16BF687D0026E4BB /* button_back_textured_24.png */ = {isa = PBXFileReference; lastKnownFileType = image.png; path = button_back_textured_24.png; sourceTree = "<group>"; };
		2985356C16BF687D0026E4BB /* button_back_textured_30.png */ = {isa = PBXFileReference; lastKnownFileType = image.png; path = button_back_textured_30.png; sourceTree = "<group>"; };
		2985356D16BF687D0026E4BB /* button_textured_24.png */ = {isa = PBXFileReference; lastKnownFileType = image.png; path = button_textured_24.png; sourceTree = "<group>"; };
		2985356E16BF687D0026E4BB /* button_textured_30.png */ = {isa = PBXFileReference; lastKnownFileType = image.png; path = button_textured_30.png; sourceTree = "<group>"; };
		2985356F16BF687D0026E4BB /* segcontrol_sel-uns.png */ = {isa = PBXFileReference; lastKnownFileType = image.png; path = "segcontrol_sel-uns.png"; sourceTree = "<group>"; };
		2985357016BF687D0026E4BB /* segcontrol_sel.png */ = {isa = PBXFileReference; lastKnownFileType = image.png; path = segcontrol_sel.png; sourceTree = "<group>"; };
		2985357116BF687D0026E4BB /* segcontrol_uns-sel.png */ = {isa = PBXFileReference; lastKnownFileType = image.png; path = "segcontrol_uns-sel.png"; sourceTree = "<group>"; };
		2985357216BF687D0026E4BB /* segcontrol_uns-uns.png */ = {isa = PBXFileReference; lastKnownFileType = image.png; path = "segcontrol_uns-uns.png"; sourceTree = "<group>"; };
		2985357316BF687D0026E4BB /* segcontrol_uns.png */ = {isa = PBXFileReference; lastKnownFileType = image.png; path = segcontrol_uns.png; sourceTree = "<group>"; };
		2985357416BF687D0026E4BB /* slider_maximum.png */ = {isa = PBXFileReference; lastKnownFileType = image.png; path = slider_maximum.png; sourceTree = "<group>"; };
		2985357516BF687D0026E4BB /* slider_minimum.png */ = {isa = PBXFileReference; lastKnownFileType = image.png; path = slider_minimum.png; sourceTree = "<group>"; };
		2985357616BF687D0026E4BB /* surf1.png */ = {isa = PBXFileReference; lastKnownFileType = image.png; path = surf1.png; sourceTree = "<group>"; };
		2985357716BF687D0026E4BB /* surf2.png */ = {isa = PBXFileReference; lastKnownFileType = image.png; path = surf2.png; sourceTree = "<group>"; };
		2985357816BF687D0026E4BB /* surf3.png */ = {isa = PBXFileReference; lastKnownFileType = image.png; path = surf3.png; sourceTree = "<group>"; };
		2985357916BF687D0026E4BB /* surf_gradient_textured_32.png */ = {isa = PBXFileReference; lastKnownFileType = image.png; path = surf_gradient_textured_32.png; sourceTree = "<group>"; };
		2985357A16BF687D0026E4BB /* surf_gradient_textured_44.png */ = {isa = PBXFileReference; lastKnownFileType = image.png; path = surf_gradient_textured_44.png; sourceTree = "<group>"; };
		2985357B16BF687D0026E4BB /* tab_bg.png */ = {isa = PBXFileReference; lastKnownFileType = image.png; path = tab_bg.png; sourceTree = "<group>"; };
		2985357C16BF687D0026E4BB /* tab_select_indicator.png */ = {isa = PBXFileReference; lastKnownFileType = image.png; path = tab_select_indicator.png; sourceTree = "<group>"; };
		2985357D16BF687D0026E4BB /* table_cell_top.png */ = {isa = PBXFileReference; lastKnownFileType = image.png; path = table_cell_top.png; sourceTree = "<group>"; };
		2985357E16BF687D0026E4BB /* table_cell_top_sel.png */ = {isa = PBXFileReference; lastKnownFileType = image.png; path = table_cell_top_sel.png; sourceTree = "<group>"; };
		2985357F16BF687D0026E4BB /* table_cell_mid.png */ = {isa = PBXFileReference; lastKnownFileType = image.png; path = table_cell_mid.png; sourceTree = "<group>"; };
		2985358016BF687D0026E4BB /* table_cell_mid_sel.png */ = {isa = PBXFileReference; lastKnownFileType = image.png; path = table_cell_mid_sel.png; sourceTree = "<group>"; };
		2985358116BF687D0026E4BB /* table_cell_bottom.png */ = {isa = PBXFileReference; lastKnownFileType = image.png; path = table_cell_bottom.png; sourceTree = "<group>"; };
		2985358216BF687D0026E4BB /* table_cell_bottom_sel.png */ = {isa = PBXFileReference; lastKnownFileType = image.png; path = table_cell_bottom_sel.png; sourceTree = "<group>"; };
		2985358316BF687D0026E4BB /* table_cell_single.png */ = {isa = PBXFileReference; lastKnownFileType = image.png; path = table_cell_single.png; sourceTree = "<group>"; };
		2985358416BF687D0026E4BB /* table_cell_single_sel.png */ = {isa = PBXFileReference; lastKnownFileType = image.png; path = table_cell_single_sel.png; sourceTree = "<group>"; };
		2985358516BF687D0026E4BB /* text_field_teal.png */ = {isa = PBXFileReference; lastKnownFileType = image.png; path = text_field_teal.png; sourceTree = "<group>"; };
		2985358616BF687D0026E4BB /* thumb.png */ = {isa = PBXFileReference; lastKnownFileType = image.png; path = thumb.png; sourceTree = "<group>"; };
		2985358716BF687D0026E4BB /* title.png */ = {isa = PBXFileReference; lastKnownFileType = image.png; path = title.png; sourceTree = "<group>"; };
		2986386116C49D6600334EA0 /* UserDetailViewController.h */ = {isa = PBXFileReference; fileEncoding = 4; lastKnownFileType = sourcecode.c.h; path = UserDetailViewController.h; sourceTree = "<group>"; };
		2986386216C49D6600334EA0 /* UserDetailViewController.m */ = {isa = PBXFileReference; fileEncoding = 4; lastKnownFileType = sourcecode.c.objc; path = UserDetailViewController.m; sourceTree = "<group>"; };
		2986386416C4A24F00334EA0 /* UserDetailNameCell.h */ = {isa = PBXFileReference; fileEncoding = 4; lastKnownFileType = sourcecode.c.h; path = UserDetailNameCell.h; sourceTree = "<group>"; };
		2986386516C4A24F00334EA0 /* UserDetailNameCell.m */ = {isa = PBXFileReference; fileEncoding = 4; lastKnownFileType = sourcecode.c.objc; path = UserDetailNameCell.m; sourceTree = "<group>"; };
		2986386A16C4A34F00334EA0 /* UserDetailNameCell.xib */ = {isa = PBXFileReference; fileEncoding = 4; lastKnownFileType = file.xib; path = UserDetailNameCell.xib; sourceTree = "<group>"; };
		2986386C16C4A47100334EA0 /* UserDetailInfoCell.h */ = {isa = PBXFileReference; fileEncoding = 4; lastKnownFileType = sourcecode.c.h; path = UserDetailInfoCell.h; sourceTree = "<group>"; };
		2986386D16C4A47100334EA0 /* UserDetailInfoCell.m */ = {isa = PBXFileReference; fileEncoding = 4; lastKnownFileType = sourcecode.c.objc; path = UserDetailInfoCell.m; sourceTree = "<group>"; };
		2986386F16C4A48B00334EA0 /* UserDetailInfoCell.xib */ = {isa = PBXFileReference; fileEncoding = 4; lastKnownFileType = file.xib; path = UserDetailInfoCell.xib; sourceTree = "<group>"; };
		2986387616C4DE7F00334EA0 /* UserDetailIntroCell.xib */ = {isa = PBXFileReference; fileEncoding = 4; lastKnownFileType = file.xib; path = UserDetailIntroCell.xib; sourceTree = "<group>"; };
		2986387816C4DE8E00334EA0 /* UserDetailIntroCell.h */ = {isa = PBXFileReference; fileEncoding = 4; lastKnownFileType = sourcecode.c.h; path = UserDetailIntroCell.h; sourceTree = "<group>"; };
		2986387916C4DE8E00334EA0 /* UserDetailIntroCell.m */ = {isa = PBXFileReference; fileEncoding = 4; lastKnownFileType = sourcecode.c.objc; path = UserDetailIntroCell.m; sourceTree = "<group>"; };
		2986387B16C4F56600334EA0 /* QQ20130208-1p.png */ = {isa = PBXFileReference; lastKnownFileType = image.png; name = "QQ20130208-1p.png"; path = "../QQ20130208-1p.png"; sourceTree = "<group>"; };
		2986387D16C4F76400334EA0 /* Default@2x.png */ = {isa = PBXFileReference; lastKnownFileType = image.png; name = "Default@2x.png"; path = "../Default@2x.png"; sourceTree = "<group>"; };
		29886B9E16ACED7500CA7E8C /* SinaWeiboManager.h */ = {isa = PBXFileReference; fileEncoding = 4; lastKnownFileType = sourcecode.c.h; path = SinaWeiboManager.h; sourceTree = "<group>"; };
		29886B9F16ACED7500CA7E8C /* SinaWeiboManager.m */ = {isa = PBXFileReference; fileEncoding = 4; lastKnownFileType = sourcecode.c.objc; path = SinaWeiboManager.m; sourceTree = "<group>"; };
		29ABDDDF16B61C13008D1500 /* STTweetLabel.h */ = {isa = PBXFileReference; fileEncoding = 4; lastKnownFileType = sourcecode.c.h; path = STTweetLabel.h; sourceTree = "<group>"; };
		29ABDDE016B61C13008D1500 /* STTweetLabel.m */ = {isa = PBXFileReference; fileEncoding = 4; lastKnownFileType = sourcecode.c.objc; path = STTweetLabel.m; sourceTree = "<group>"; };
		29B69C7216BA4B5600F3F446 /* timeline_rt_border@2x.png */ = {isa = PBXFileReference; lastKnownFileType = image.png; path = "timeline_rt_border@2x.png"; sourceTree = "<group>"; };
		29B69C7316BA4B5600F3F446 /* timeline_rt_border.png */ = {isa = PBXFileReference; lastKnownFileType = image.png; path = timeline_rt_border.png; sourceTree = "<group>"; };
		29CD822816AF8F3800F4114F /* StatusCell.h */ = {isa = PBXFileReference; fileEncoding = 4; lastKnownFileType = sourcecode.c.h; path = StatusCell.h; sourceTree = "<group>"; };
		29CD822916AF8F3800F4114F /* StatusCell.m */ = {isa = PBXFileReference; fileEncoding = 4; lastKnownFileType = sourcecode.c.objc; path = StatusCell.m; sourceTree = "<group>"; };
		29CD822C16AF8F7000F4114F /* StatusCell.xib */ = {isa = PBXFileReference; fileEncoding = 4; lastKnownFileType = file.xib; path = StatusCell.xib; sourceTree = "<group>"; };
		29CD822E16AF91B900F4114F /* avatar_vip.png */ = {isa = PBXFileReference; lastKnownFileType = image.png; path = avatar_vip.png; sourceTree = "<group>"; };
		29CD822F16AF91B900F4114F /* avatar_vip@2x.png */ = {isa = PBXFileReference; lastKnownFileType = image.png; path = "avatar_vip@2x.png"; sourceTree = "<group>"; };
		29CD823216AF91E000F4114F /* female.png */ = {isa = PBXFileReference; lastKnownFileType = image.png; path = female.png; sourceTree = "<group>"; };
		29CD823316AF91E000F4114F /* female@2x.png */ = {isa = PBXFileReference; lastKnownFileType = image.png; path = "female@2x.png"; sourceTree = "<group>"; };
		29CD823616AF920C00F4114F /* loadingImage_50x118.png */ = {isa = PBXFileReference; lastKnownFileType = image.png; path = loadingImage_50x118.png; sourceTree = "<group>"; };
		29CD823716AF920C00F4114F /* loadingImage_50x118@2x.png */ = {isa = PBXFileReference; lastKnownFileType = image.png; path = "loadingImage_50x118@2x.png"; sourceTree = "<group>"; };
		29CD823816AF920C00F4114F /* male.png */ = {isa = PBXFileReference; lastKnownFileType = image.png; path = male.png; sourceTree = "<group>"; };
		29CD823916AF920C00F4114F /* male@2x.png */ = {isa = PBXFileReference; lastKnownFileType = image.png; path = "male@2x.png"; sourceTree = "<group>"; };
		29CD823A16AF920C00F4114F /* noImage50x118.png */ = {isa = PBXFileReference; lastKnownFileType = image.png; path = noImage50x118.png; sourceTree = "<group>"; };
		29CD823B16AF920C00F4114F /* noImage50x118@2x.png */ = {isa = PBXFileReference; lastKnownFileType = image.png; path = "noImage50x118@2x.png"; sourceTree = "<group>"; };
		29CD823C16AF920C00F4114F /* timeline_comment_count_icon.png */ = {isa = PBXFileReference; lastKnownFileType = image.png; path = timeline_comment_count_icon.png; sourceTree = "<group>"; };
		29CD823D16AF920C00F4114F /* timeline_comment_count_icon@2x.png */ = {isa = PBXFileReference; lastKnownFileType = image.png; path = "timeline_comment_count_icon@2x.png"; sourceTree = "<group>"; };
		29CD823E16AF920C00F4114F /* timeline_image_icon.png */ = {isa = PBXFileReference; lastKnownFileType = image.png; path = timeline_image_icon.png; sourceTree = "<group>"; };
		29CD823F16AF920C00F4114F /* timeline_image_icon@2x.png */ = {isa = PBXFileReference; lastKnownFileType = image.png; path = "timeline_image_icon@2x.png"; sourceTree = "<group>"; };
		29CD824016AF920C00F4114F /* timeline_retweet_count_icon.png */ = {isa = PBXFileReference; lastKnownFileType = image.png; path = timeline_retweet_count_icon.png; sourceTree = "<group>"; };
		29CD824116AF920C00F4114F /* timeline_retweet_count_icon@2x.png */ = {isa = PBXFileReference; lastKnownFileType = image.png; path = "timeline_retweet_count_icon@2x.png"; sourceTree = "<group>"; };
		29CD824216AF920C00F4114F /* touxiang_40x40.png */ = {isa = PBXFileReference; lastKnownFileType = image.png; path = touxiang_40x40.png; sourceTree = "<group>"; };
		29CD824316AF920C00F4114F /* touxiang_40x40@2x.png */ = {isa = PBXFileReference; lastKnownFileType = image.png; path = "touxiang_40x40@2x.png"; sourceTree = "<group>"; };
		29CD825216AF928D00F4114F /* refresh.png */ = {isa = PBXFileReference; lastKnownFileType = image.png; path = refresh.png; sourceTree = "<group>"; };
		29E96D0216C6035A003B9CBE /* tabbar_whitebtn.png */ = {isa = PBXFileReference; lastKnownFileType = image.png; path = tabbar_whitebtn.png; sourceTree = "<group>"; };
		29E96D0316C6035A003B9CBE /* tabbar_whitebtn@2x.png */ = {isa = PBXFileReference; lastKnownFileType = image.png; path = "tabbar_whitebtn@2x.png"; sourceTree = "<group>"; };
		29E96D0416C6035A003B9CBE /* tabbar_greenbtn.png */ = {isa = PBXFileReference; lastKnownFileType = image.png; path = tabbar_greenbtn.png; sourceTree = "<group>"; };
		29E96D0516C6035A003B9CBE /* tabbar_greenbtn@2x.png */ = {isa = PBXFileReference; lastKnownFileType = image.png; path = "tabbar_greenbtn@2x.png"; sourceTree = "<group>"; };
		29E9702716B25DEB00D12F0A /* AFHTTPClient.h */ = {isa = PBXFileReference; fileEncoding = 4; lastKnownFileType = sourcecode.c.h; path = AFHTTPClient.h; sourceTree = "<group>"; };
		29E9702816B25DEB00D12F0A /* AFHTTPClient.m */ = {isa = PBXFileReference; fileEncoding = 4; lastKnownFileType = sourcecode.c.objc; path = AFHTTPClient.m; sourceTree = "<group>"; };
		29E9702916B25DEB00D12F0A /* AFHTTPRequestOperation.h */ = {isa = PBXFileReference; fileEncoding = 4; lastKnownFileType = sourcecode.c.h; path = AFHTTPRequestOperation.h; sourceTree = "<group>"; };
		29E9702A16B25DEB00D12F0A /* AFHTTPRequestOperation.m */ = {isa = PBXFileReference; fileEncoding = 4; lastKnownFileType = sourcecode.c.objc; path = AFHTTPRequestOperation.m; sourceTree = "<group>"; };
		29E9702B16B25DEB00D12F0A /* AFImageRequestOperation.h */ = {isa = PBXFileReference; fileEncoding = 4; lastKnownFileType = sourcecode.c.h; path = AFImageRequestOperation.h; sourceTree = "<group>"; };
		29E9702C16B25DEB00D12F0A /* AFImageRequestOperation.m */ = {isa = PBXFileReference; fileEncoding = 4; lastKnownFileType = sourcecode.c.objc; path = AFImageRequestOperation.m; sourceTree = "<group>"; };
		29E9702D16B25DEB00D12F0A /* AFJSONRequestOperation.h */ = {isa = PBXFileReference; fileEncoding = 4; lastKnownFileType = sourcecode.c.h; path = AFJSONRequestOperation.h; sourceTree = "<group>"; };
		29E9702E16B25DEB00D12F0A /* AFJSONRequestOperation.m */ = {isa = PBXFileReference; fileEncoding = 4; lastKnownFileType = sourcecode.c.objc; path = AFJSONRequestOperation.m; sourceTree = "<group>"; };
		29E9702F16B25DEB00D12F0A /* AFNetworkActivityIndicatorManager.h */ = {isa = PBXFileReference; fileEncoding = 4; lastKnownFileType = sourcecode.c.h; path = AFNetworkActivityIndicatorManager.h; sourceTree = "<group>"; };
		29E9703016B25DEB00D12F0A /* AFNetworkActivityIndicatorManager.m */ = {isa = PBXFileReference; fileEncoding = 4; lastKnownFileType = sourcecode.c.objc; path = AFNetworkActivityIndicatorManager.m; sourceTree = "<group>"; };
		29E9703116B25DEB00D12F0A /* AFNetworking.h */ = {isa = PBXFileReference; fileEncoding = 4; lastKnownFileType = sourcecode.c.h; path = AFNetworking.h; sourceTree = "<group>"; };
		29E9703216B25DEB00D12F0A /* AFPropertyListRequestOperation.h */ = {isa = PBXFileReference; fileEncoding = 4; lastKnownFileType = sourcecode.c.h; path = AFPropertyListRequestOperation.h; sourceTree = "<group>"; };
		29E9703316B25DEB00D12F0A /* AFPropertyListRequestOperation.m */ = {isa = PBXFileReference; fileEncoding = 4; lastKnownFileType = sourcecode.c.objc; path = AFPropertyListRequestOperation.m; sourceTree = "<group>"; };
		29E9703416B25DEB00D12F0A /* AFURLConnectionOperation.h */ = {isa = PBXFileReference; fileEncoding = 4; lastKnownFileType = sourcecode.c.h; path = AFURLConnectionOperation.h; sourceTree = "<group>"; };
		29E9703516B25DEB00D12F0A /* AFURLConnectionOperation.m */ = {isa = PBXFileReference; fileEncoding = 4; lastKnownFileType = sourcecode.c.objc; path = AFURLConnectionOperation.m; sourceTree = "<group>"; };
		29E9703616B25DEB00D12F0A /* AFXMLRequestOperation.h */ = {isa = PBXFileReference; fileEncoding = 4; lastKnownFileType = sourcecode.c.h; path = AFXMLRequestOperation.h; sourceTree = "<group>"; };
		29E9703716B25DEB00D12F0A /* AFXMLRequestOperation.m */ = {isa = PBXFileReference; fileEncoding = 4; lastKnownFileType = sourcecode.c.objc; path = AFXMLRequestOperation.m; sourceTree = "<group>"; };
		29E9703816B25DEB00D12F0A /* UIImageView+AFNetworking.h */ = {isa = PBXFileReference; fileEncoding = 4; lastKnownFileType = sourcecode.c.h; path = "UIImageView+AFNetworking.h"; sourceTree = "<group>"; };
		29E9703916B25DEB00D12F0A /* UIImageView+AFNetworking.m */ = {isa = PBXFileReference; fileEncoding = 4; lastKnownFileType = sourcecode.c.objc; path = "UIImageView+AFNetworking.m"; sourceTree = "<group>"; };
/* End PBXFileReference section */

/* Begin PBXFrameworksBuildPhase section */
		2968345116A6F70000497598 /* Frameworks */ = {
			isa = PBXFrameworksBuildPhase;
			buildActionMask = 2147483647;
			files = (
				29336C5A16B7674100071EE7 /* libicucore.dylib in Frameworks */,
				2978D7D716AD2A980002E134 /* QuartzCore.framework in Frameworks */,
				2968345916A6F70000497598 /* UIKit.framework in Frameworks */,
				2968345B16A6F70000497598 /* Foundation.framework in Frameworks */,
				2968345D16A6F70000497598 /* CoreGraphics.framework in Frameworks */,
			);
			runOnlyForDeploymentPostprocessing = 0;
		};
/* End PBXFrameworksBuildPhase section */

/* Begin PBXGroup section */
		291BCB2516A8275D0091F508 /* model */ = {
			isa = PBXGroup;
			children = (
				291BCB2716A827A20091F508 /* Status.h */,
				291BCB2816A827A20091F508 /* Status.m */,
				291BCB2A16A8295F0091F508 /* User.h */,
				291BCB2B16A8295F0091F508 /* User.m */,
				294D2BF716C292A600478BB6 /* Comment.h */,
				294D2BF816C292A600478BB6 /* Comment.m */,
			);
			name = model;
			sourceTree = "<group>";
		};
		291F889916CF7B47004F7363 /* PullRefresh */ = {
			isa = PBXGroup;
			children = (
				291F889616CF7B3D004F7363 /* PullRefreshTableViewController.h */,
				291F889716CF7B3D004F7363 /* PullRefreshTableViewController.m */,
			);
			name = PullRefresh;
			sourceTree = "<group>";
		};
		292582A416A7956700B2B2F5 /* myimage */ = {
			isa = PBXGroup;
			children = (
				29E96D0216C6035A003B9CBE /* tabbar_whitebtn.png */,
				29E96D0316C6035A003B9CBE /* tabbar_whitebtn@2x.png */,
				29E96D0416C6035A003B9CBE /* tabbar_greenbtn.png */,
				29E96D0516C6035A003B9CBE /* tabbar_greenbtn@2x.png */,
				2986387D16C4F76400334EA0 /* Default@2x.png */,
				2986387B16C4F56600334EA0 /* QQ20130208-1p.png */,
				2985355D16BF686C0026E4BB /* custom */,
				29B69C7216BA4B5600F3F446 /* timeline_rt_border@2x.png */,
				29B69C7316BA4B5600F3F446 /* timeline_rt_border.png */,
				29CD825216AF928D00F4114F /* refresh.png */,
				29CD823616AF920C00F4114F /* loadingImage_50x118.png */,
				29CD823716AF920C00F4114F /* loadingImage_50x118@2x.png */,
				29CD823816AF920C00F4114F /* male.png */,
				29CD823916AF920C00F4114F /* male@2x.png */,
				29CD823A16AF920C00F4114F /* noImage50x118.png */,
				29CD823B16AF920C00F4114F /* noImage50x118@2x.png */,
				29CD823C16AF920C00F4114F /* timeline_comment_count_icon.png */,
				29CD823D16AF920C00F4114F /* timeline_comment_count_icon@2x.png */,
				29CD823E16AF920C00F4114F /* timeline_image_icon.png */,
				29CD823F16AF920C00F4114F /* timeline_image_icon@2x.png */,
				29CD824016AF920C00F4114F /* timeline_retweet_count_icon.png */,
				29CD824116AF920C00F4114F /* timeline_retweet_count_icon@2x.png */,
				29CD824216AF920C00F4114F /* touxiang_40x40.png */,
				29CD824316AF920C00F4114F /* touxiang_40x40@2x.png */,
				29CD823216AF91E000F4114F /* female.png */,
				29CD823316AF91E000F4114F /* female@2x.png */,
				29CD822E16AF91B900F4114F /* avatar_vip.png */,
				29CD822F16AF91B900F4114F /* avatar_vip@2x.png */,
				292582C216A79A7600B2B2F5 /* Delicious-32p.png */,
				292582C316A79A7600B2B2F5 /* Digg-32p.png */,
				292582C416A79A7600B2B2F5 /* Technorati-32p.png */,
				292582C516A79A7600B2B2F5 /* Contact-32p.png */,
				292582C616A79A7600B2B2F5 /* Calendar-32p.png */,
				292582C716A79A7600B2B2F5 /* Comments-32p.png */,
				292582C816A79A7600B2B2F5 /* Home-32p.png */,
			);
			name = myimage;
			sourceTree = "<group>";
		};
		29336C5116B7657300071EE7 /* Sina_emoji */ = {
			isa = PBXGroup;
			children = (
				29336C5316B7659700071EE7 /* HtmlString.h */,
				29336C5416B7659700071EE7 /* HtmlString.m */,
				29336C5516B7659700071EE7 /* RegexKitLite.h */,
				29336C5616B7659700071EE7 /* RegexKitLite.m */,
			);
			name = Sina_emoji;
			sourceTree = "<group>";
		};
		2968344916A6F70000497598 = {
			isa = PBXGroup;
			children = (
				297F86C316CB6ABB0046CA90 /* Default-568h@2x.png */,
				2968345E16A6F70000497598 /* Weibuu */,
				2968345716A6F70000497598 /* Frameworks */,
				2968345516A6F70000497598 /* Products */,
			);
			sourceTree = "<group>";
		};
		2968345516A6F70000497598 /* Products */ = {
			isa = PBXGroup;
			children = (
				2968345416A6F70000497598 /* Weibuu.app */,
			);
			name = Products;
			sourceTree = "<group>";
		};
		2968345716A6F70000497598 /* Frameworks */ = {
			isa = PBXGroup;
			children = (
				29336C5916B7674100071EE7 /* libicucore.dylib */,
				2978D7D616AD2A980002E134 /* QuartzCore.framework */,
				2968345816A6F70000497598 /* UIKit.framework */,
				2968345A16A6F70000497598 /* Foundation.framework */,
				2968345C16A6F70000497598 /* CoreGraphics.framework */,
			);
			name = Frameworks;
			sourceTree = "<group>";
		};
		2968345E16A6F70000497598 /* Weibuu */ = {
			isa = PBXGroup;
			children = (
				299BCD2016D07AE100C54D16 /* SORelativeDateTransformer */,
				291F889916CF7B47004F7363 /* PullRefresh */,
				29336C5116B7657300071EE7 /* Sina_emoji */,
				29ABDDDE16B61C13008D1500 /* STTweetLabel */,
				29E9702616B25DEB00D12F0A /* AFNetworking */,
				2986386716C4A25A00334EA0 /* StatusDetailVCs */,
				2986386916C4A29E00334EA0 /* UserDetailVCs */,
				291BCB2516A8275D0091F508 /* model */,
				2968346716A6F70000497598 /* AppDelegate.h */,
				2968346816A6F70000497598 /* AppDelegate.m */,
				2968349016A6F9E500497598 /* MainPageViewController.h */,
				2968349116A6F9E500497598 /* MainPageViewController.m */,
				29CD822816AF8F3800F4114F /* StatusCell.h */,
				29CD822916AF8F3800F4114F /* StatusCell.m */,
				29CD822C16AF8F7000F4114F /* StatusCell.xib */,
				2978D7DB16AD2C880002E134 /* WriteWbViewController.h */,
				2978D7DC16AD2C880002E134 /* WriteWbViewController.m */,
				2968349316A6FA0900497598 /* MentionsViewController.h */,
				2968349416A6FA0900497598 /* MentionsViewController.m */,
				2968349616A6FA5B00497598 /* FollowAndFansViewController.h */,
				2968349716A6FA5B00497598 /* FollowAndFansViewController.m */,
				2968349916A6FA8600497598 /* ProfileViewController.h */,
				2968349A16A6FA8600497598 /* ProfileViewController.m */,
				2968349C16A6FA9600497598 /* SettingsViewController.h */,
				2968349D16A6FA9600497598 /* SettingsViewController.m */,
				29886B9E16ACED7500CA7E8C /* SinaWeiboManager.h */,
				29886B9F16ACED7500CA7E8C /* SinaWeiboManager.m */,
				292582A416A7956700B2B2F5 /* myimage */,
				2968345F16A6F70000497598 /* Supporting Files */,
				2968347E16A6F87D00497598 /* JSONKit */,
				2968348116A6F87D00497598 /* SinaWeibo */,
			);
			path = Weibuu;
			sourceTree = "<group>";
		};
		2968345F16A6F70000497598 /* Supporting Files */ = {
			isa = PBXGroup;
			children = (
				2968346016A6F70000497598 /* Weibuu-Info.plist */,
				2968346116A6F70000497598 /* InfoPlist.strings */,
				2968346416A6F70000497598 /* main.m */,
				2968346616A6F70000497598 /* Weibuu-Prefix.pch */,
				2968346A16A6F70000497598 /* Default.png */,
				2968346C16A6F70000497598 /* Default@2x.png */,
				2968346E16A6F70000497598 /* Default-568h@2x.png */,
			);
			name = "Supporting Files";
			sourceTree = "<group>";
		};
		2968347E16A6F87D00497598 /* JSONKit */ = {
			isa = PBXGroup;
			children = (
				2968347F16A6F87D00497598 /* JSONKit.h */,
				2968348016A6F87D00497598 /* JSONKit.m */,
			);
			path = JSONKit;
			sourceTree = "<group>";
		};
		2968348116A6F87D00497598 /* SinaWeibo */ = {
			isa = PBXGroup;
			children = (
				2968348216A6F87D00497598 /* SinaWeibo.bundle */,
				2968348316A6F87D00497598 /* SinaWeibo.h */,
				2968348416A6F87D00497598 /* SinaWeibo.m */,
				2968348516A6F87D00497598 /* SinaWeiboAuthorizeView.h */,
				2968348616A6F87D00497598 /* SinaWeiboAuthorizeView.m */,
				2968348716A6F87D00497598 /* SinaWeiboConstants.h */,
				2968348816A6F87D00497598 /* SinaWeiboRequest.h */,
				2968348916A6F87D00497598 /* SinaWeiboRequest.m */,
			);
			path = SinaWeibo;
			sourceTree = "<group>";
		};
		2985355D16BF686C0026E4BB /* custom */ = {
			isa = PBXGroup;
			children = (
				2985355F16BF687D0026E4BB /* down.png */,
				2985356016BF687D0026E4BB /* up.png */,
				2985356116BF687D0026E4BB /* down@2x.png */,
				2985356216BF687D0026E4BB /* up@2x.png */,
				2985356316BF687D0026E4BB /* navBarShadow.png */,
				2985356416BF687D0026E4BB /* navBarShadow@2x.png */,
				2985356516BF687D0026E4BB /* noSwitch.png */,
				2985356616BF687D0026E4BB /* noSwitch@2x.png */,
				2985356716BF687D0026E4BB /* yesSwitch.png */,
				2985356816BF687D0026E4BB /* yesSwitch@2x.png */,
				2985356916BF687D0026E4BB /* attribution.txt */,
				2985356A16BF687D0026E4BB /* bg_sand.png */,
				2985356B16BF687D0026E4BB /* button_back_textured_24.png */,
				2985356C16BF687D0026E4BB /* button_back_textured_30.png */,
				2985356D16BF687D0026E4BB /* button_textured_24.png */,
				2985356E16BF687D0026E4BB /* button_textured_30.png */,
				2985356F16BF687D0026E4BB /* segcontrol_sel-uns.png */,
				2985357016BF687D0026E4BB /* segcontrol_sel.png */,
				2985357116BF687D0026E4BB /* segcontrol_uns-sel.png */,
				2985357216BF687D0026E4BB /* segcontrol_uns-uns.png */,
				2985357316BF687D0026E4BB /* segcontrol_uns.png */,
				2985357416BF687D0026E4BB /* slider_maximum.png */,
				2985357516BF687D0026E4BB /* slider_minimum.png */,
				2985357616BF687D0026E4BB /* surf1.png */,
				2985357716BF687D0026E4BB /* surf2.png */,
				2985357816BF687D0026E4BB /* surf3.png */,
				2985357916BF687D0026E4BB /* surf_gradient_textured_32.png */,
				2985357A16BF687D0026E4BB /* surf_gradient_textured_44.png */,
				2985357B16BF687D0026E4BB /* tab_bg.png */,
				2985357C16BF687D0026E4BB /* tab_select_indicator.png */,
				2985357D16BF687D0026E4BB /* table_cell_top.png */,
				2985357E16BF687D0026E4BB /* table_cell_top_sel.png */,
				2985357F16BF687D0026E4BB /* table_cell_mid.png */,
				2985358016BF687D0026E4BB /* table_cell_mid_sel.png */,
				2985358116BF687D0026E4BB /* table_cell_bottom.png */,
				2985358216BF687D0026E4BB /* table_cell_bottom_sel.png */,
				2985358316BF687D0026E4BB /* table_cell_single.png */,
				2985358416BF687D0026E4BB /* table_cell_single_sel.png */,
				2985358516BF687D0026E4BB /* text_field_teal.png */,
				2985358616BF687D0026E4BB /* thumb.png */,
				2985358716BF687D0026E4BB /* title.png */,
			);
			name = custom;
			sourceTree = "<group>";
		};
		2986386716C4A25A00334EA0 /* StatusDetailVCs */ = {
			isa = PBXGroup;
			children = (
				29751D8C16BFC3CC00F1EC9F /* StatusDetailViewController.h */,
				29751D8D16BFC3CC00F1EC9F /* StatusDetailViewController.m */,
				296400C816C2236E00DCEF23 /* StatusDetailNameCell.h */,
				296400C916C2236E00DCEF23 /* StatusDetailNameCell.m */,
				296400CB16C2238400DCEF23 /* StatusDetailNameCell.xib */,
				296400CD16C223FE00DCEF23 /* StatusDetailContentCell.h */,
				296400CE16C223FE00DCEF23 /* StatusDetailContentCell.m */,
				296400D016C2240B00DCEF23 /* StatusDetailContentCell.xib */,
				296400D416C24A8A00DCEF23 /* StatusDetailCommentCell.h */,
				296400D516C24A8A00DCEF23 /* StatusDetailCommentCell.m */,
				296400D216C24A7000DCEF23 /* StatusDetailCommentCell.xib */,
			);
			name = StatusDetailVCs;
			sourceTree = "<group>";
		};
		2986386916C4A29E00334EA0 /* UserDetailVCs */ = {
			isa = PBXGroup;
			children = (
				2986386116C49D6600334EA0 /* UserDetailViewController.h */,
				2986386216C49D6600334EA0 /* UserDetailViewController.m */,
				2986386416C4A24F00334EA0 /* UserDetailNameCell.h */,
				2986386516C4A24F00334EA0 /* UserDetailNameCell.m */,
				2986386A16C4A34F00334EA0 /* UserDetailNameCell.xib */,
				2986386C16C4A47100334EA0 /* UserDetailInfoCell.h */,
				2986386D16C4A47100334EA0 /* UserDetailInfoCell.m */,
				2986386F16C4A48B00334EA0 /* UserDetailInfoCell.xib */,
				2986387816C4DE8E00334EA0 /* UserDetailIntroCell.h */,
				2986387916C4DE8E00334EA0 /* UserDetailIntroCell.m */,
				2986387616C4DE7F00334EA0 /* UserDetailIntroCell.xib */,
			);
			name = UserDetailVCs;
			sourceTree = "<group>";
		};
		299BCD2016D07AE100C54D16 /* SORelativeDateTransformer */ = {
			isa = PBXGroup;
			children = (
				291F889A16CF8E9D004F7363 /* SORelativeDateTransformer.bundle */,
				291F889B16CF8E9D004F7363 /* SORelativeDateTransformer.h */,
				291F889C16CF8E9D004F7363 /* SORelativeDateTransformer.m */,
			);
			name = SORelativeDateTransformer;
			sourceTree = "<group>";
		};
		29ABDDDE16B61C13008D1500 /* STTweetLabel */ = {
			isa = PBXGroup;
			children = (
				29ABDDDF16B61C13008D1500 /* STTweetLabel.h */,
				29ABDDE016B61C13008D1500 /* STTweetLabel.m */,
			);
			path = STTweetLabel;
			sourceTree = "<group>";
		};
		29E9702616B25DEB00D12F0A /* AFNetworking */ = {
			isa = PBXGroup;
			children = (
				29E9702716B25DEB00D12F0A /* AFHTTPClient.h */,
				29E9702816B25DEB00D12F0A /* AFHTTPClient.m */,
				29E9702916B25DEB00D12F0A /* AFHTTPRequestOperation.h */,
				29E9702A16B25DEB00D12F0A /* AFHTTPRequestOperation.m */,
				29E9702B16B25DEB00D12F0A /* AFImageRequestOperation.h */,
				29E9702C16B25DEB00D12F0A /* AFImageRequestOperation.m */,
				29E9702D16B25DEB00D12F0A /* AFJSONRequestOperation.h */,
				29E9702E16B25DEB00D12F0A /* AFJSONRequestOperation.m */,
				29E9702F16B25DEB00D12F0A /* AFNetworkActivityIndicatorManager.h */,
				29E9703016B25DEB00D12F0A /* AFNetworkActivityIndicatorManager.m */,
				29E9703116B25DEB00D12F0A /* AFNetworking.h */,
				29E9703216B25DEB00D12F0A /* AFPropertyListRequestOperation.h */,
				29E9703316B25DEB00D12F0A /* AFPropertyListRequestOperation.m */,
				29E9703416B25DEB00D12F0A /* AFURLConnectionOperation.h */,
				29E9703516B25DEB00D12F0A /* AFURLConnectionOperation.m */,
				29E9703616B25DEB00D12F0A /* AFXMLRequestOperation.h */,
				29E9703716B25DEB00D12F0A /* AFXMLRequestOperation.m */,
				29E9703816B25DEB00D12F0A /* UIImageView+AFNetworking.h */,
				29E9703916B25DEB00D12F0A /* UIImageView+AFNetworking.m */,
			);
			path = AFNetworking;
			sourceTree = "<group>";
		};
/* End PBXGroup section */

/* Begin PBXNativeTarget section */
		2968345316A6F70000497598 /* Weibuu */ = {
			isa = PBXNativeTarget;
			buildConfigurationList = 2968347216A6F70000497598 /* Build configuration list for PBXNativeTarget "Weibuu" */;
			buildPhases = (
				2968345016A6F70000497598 /* Sources */,
				2968345116A6F70000497598 /* Frameworks */,
				2968345216A6F70000497598 /* Resources */,
			);
			buildRules = (
			);
			dependencies = (
			);
			name = Weibuu;
			productName = Weibuu;
			productReference = 2968345416A6F70000497598 /* Weibuu.app */;
			productType = "com.apple.product-type.application";
		};
/* End PBXNativeTarget section */

/* Begin PBXProject section */
		2968344B16A6F70000497598 /* Project object */ = {
			isa = PBXProject;
			attributes = {
				LastUpgradeCheck = 0450;
				ORGANIZATIONNAME = com.andy;
			};
			buildConfigurationList = 2968344E16A6F70000497598 /* Build configuration list for PBXProject "Weibuu" */;
			compatibilityVersion = "Xcode 3.2";
			developmentRegion = English;
			hasScannedForEncodings = 0;
			knownRegions = (
				en,
				"zh-Hans",
			);
			mainGroup = 2968344916A6F70000497598;
			productRefGroup = 2968345516A6F70000497598 /* Products */;
			projectDirPath = "";
			projectRoot = "";
			targets = (
				2968345316A6F70000497598 /* Weibuu */,
			);
		};
/* End PBXProject section */

/* Begin PBXResourcesBuildPhase section */
		2968345216A6F70000497598 /* Resources */ = {
			isa = PBXResourcesBuildPhase;
			buildActionMask = 2147483647;
			files = (
				2968346316A6F70000497598 /* InfoPlist.strings in Resources */,
				2968346B16A6F70000497598 /* Default.png in Resources */,
				2968346F16A6F70000497598 /* Default-568h@2x.png in Resources */,
				2968348B16A6F87D00497598 /* SinaWeibo.bundle in Resources */,
				292582C916A79A7600B2B2F5 /* Delicious-32p.png in Resources */,
				292582CA16A79A7600B2B2F5 /* Digg-32p.png in Resources */,
				292582CB16A79A7600B2B2F5 /* Technorati-32p.png in Resources */,
				292582CC16A79A7600B2B2F5 /* Contact-32p.png in Resources */,
				292582CD16A79A7600B2B2F5 /* Calendar-32p.png in Resources */,
				292582CE16A79A7600B2B2F5 /* Comments-32p.png in Resources */,
				292582CF16A79A7600B2B2F5 /* Home-32p.png in Resources */,
				29CD822D16AF8F7000F4114F /* StatusCell.xib in Resources */,
				29CD823016AF91B900F4114F /* avatar_vip.png in Resources */,
				29CD823116AF91B900F4114F /* avatar_vip@2x.png in Resources */,
				29CD823416AF91E000F4114F /* female.png in Resources */,
				29CD823516AF91E000F4114F /* female@2x.png in Resources */,
				29CD824416AF920C00F4114F /* loadingImage_50x118.png in Resources */,
				29CD824516AF920C00F4114F /* loadingImage_50x118@2x.png in Resources */,
				29CD824616AF920C00F4114F /* male.png in Resources */,
				29CD824716AF920C00F4114F /* male@2x.png in Resources */,
				29CD824816AF920C00F4114F /* noImage50x118.png in Resources */,
				29CD824916AF920C00F4114F /* noImage50x118@2x.png in Resources */,
				29CD824A16AF920C00F4114F /* timeline_comment_count_icon.png in Resources */,
				29CD824B16AF920C00F4114F /* timeline_comment_count_icon@2x.png in Resources */,
				29CD824C16AF920C00F4114F /* timeline_image_icon.png in Resources */,
				29CD824D16AF920C00F4114F /* timeline_image_icon@2x.png in Resources */,
				29CD824E16AF920C00F4114F /* timeline_retweet_count_icon.png in Resources */,
				29CD824F16AF920C00F4114F /* timeline_retweet_count_icon@2x.png in Resources */,
				29CD825016AF920C00F4114F /* touxiang_40x40.png in Resources */,
				29CD825116AF920C00F4114F /* touxiang_40x40@2x.png in Resources */,
				29CD825316AF928D00F4114F /* refresh.png in Resources */,
				29B69C7416BA4B5600F3F446 /* timeline_rt_border@2x.png in Resources */,
				29B69C7516BA4B5600F3F446 /* timeline_rt_border.png in Resources */,
				2985358816BF687D0026E4BB /* down.png in Resources */,
				2985358916BF687D0026E4BB /* up.png in Resources */,
				2985358A16BF687D0026E4BB /* down@2x.png in Resources */,
				2985358B16BF687D0026E4BB /* up@2x.png in Resources */,
				2985358C16BF687D0026E4BB /* navBarShadow.png in Resources */,
				2985358D16BF687D0026E4BB /* navBarShadow@2x.png in Resources */,
				2985358E16BF687D0026E4BB /* noSwitch.png in Resources */,
				2985358F16BF687D0026E4BB /* noSwitch@2x.png in Resources */,
				2985359016BF687D0026E4BB /* yesSwitch.png in Resources */,
				2985359116BF687D0026E4BB /* yesSwitch@2x.png in Resources */,
				2985359216BF687D0026E4BB /* attribution.txt in Resources */,
				2985359316BF687D0026E4BB /* bg_sand.png in Resources */,
				2985359416BF687D0026E4BB /* button_back_textured_24.png in Resources */,
				2985359516BF687D0026E4BB /* button_back_textured_30.png in Resources */,
				2985359616BF687D0026E4BB /* button_textured_24.png in Resources */,
				2985359716BF687D0026E4BB /* button_textured_30.png in Resources */,
				2985359816BF687D0026E4BB /* segcontrol_sel-uns.png in Resources */,
				2985359916BF687D0026E4BB /* segcontrol_sel.png in Resources */,
				2985359A16BF687D0026E4BB /* segcontrol_uns-sel.png in Resources */,
				2985359B16BF687D0026E4BB /* segcontrol_uns-uns.png in Resources */,
				2985359C16BF687D0026E4BB /* segcontrol_uns.png in Resources */,
				2985359D16BF687D0026E4BB /* slider_maximum.png in Resources */,
				2985359E16BF687D0026E4BB /* slider_minimum.png in Resources */,
				2985359F16BF687D0026E4BB /* surf1.png in Resources */,
				298535A016BF687D0026E4BB /* surf2.png in Resources */,
				298535A116BF687D0026E4BB /* surf3.png in Resources */,
				298535A216BF687D0026E4BB /* surf_gradient_textured_32.png in Resources */,
				298535A316BF687D0026E4BB /* surf_gradient_textured_44.png in Resources */,
				298535A416BF687D0026E4BB /* tab_bg.png in Resources */,
				298535A516BF687D0026E4BB /* tab_select_indicator.png in Resources */,
				298535A616BF687D0026E4BB /* table_cell_top.png in Resources */,
				298535A716BF687D0026E4BB /* table_cell_top_sel.png in Resources */,
				298535A816BF687D0026E4BB /* table_cell_mid.png in Resources */,
				298535A916BF687D0026E4BB /* table_cell_mid_sel.png in Resources */,
				298535AA16BF687D0026E4BB /* table_cell_bottom.png in Resources */,
				298535AB16BF687D0026E4BB /* table_cell_bottom_sel.png in Resources */,
				298535AC16BF687D0026E4BB /* table_cell_single.png in Resources */,
				298535AD16BF687D0026E4BB /* table_cell_single_sel.png in Resources */,
				298535AE16BF687D0026E4BB /* text_field_teal.png in Resources */,
				298535AF16BF687D0026E4BB /* thumb.png in Resources */,
				298535B016BF687D0026E4BB /* title.png in Resources */,
				296400CC16C2238400DCEF23 /* StatusDetailNameCell.xib in Resources */,
				296400D116C2240B00DCEF23 /* StatusDetailContentCell.xib in Resources */,
				296400D316C24A7000DCEF23 /* StatusDetailCommentCell.xib in Resources */,
				2986386B16C4A34F00334EA0 /* UserDetailNameCell.xib in Resources */,
				2986387016C4A48B00334EA0 /* UserDetailInfoCell.xib in Resources */,
				2986387716C4DE7F00334EA0 /* UserDetailIntroCell.xib in Resources */,
				2986387C16C4F56600334EA0 /* QQ20130208-1p.png in Resources */,
				2986387E16C4F76400334EA0 /* Default@2x.png in Resources */,
				29E96D0616C6035A003B9CBE /* tabbar_whitebtn.png in Resources */,
				29E96D0716C6035A003B9CBE /* tabbar_whitebtn@2x.png in Resources */,
				29E96D0816C6035A003B9CBE /* tabbar_greenbtn.png in Resources */,
				29E96D0916C6035A003B9CBE /* tabbar_greenbtn@2x.png in Resources */,
				291F889D16CF8E9D004F7363 /* SORelativeDateTransformer.bundle in Resources */,
			);
			runOnlyForDeploymentPostprocessing = 0;
		};
/* End PBXResourcesBuildPhase section */

/* Begin PBXSourcesBuildPhase section */
		2968345016A6F70000497598 /* Sources */ = {
			isa = PBXSourcesBuildPhase;
			buildActionMask = 2147483647;
			files = (
				2968346516A6F70000497598 /* main.m in Sources */,
				2968346916A6F70000497598 /* AppDelegate.m in Sources */,
				2968348A16A6F87D00497598 /* JSONKit.m in Sources */,
				2968348C16A6F87D00497598 /* SinaWeibo.m in Sources */,
				2968348D16A6F87D00497598 /* SinaWeiboAuthorizeView.m in Sources */,
				2968348E16A6F87D00497598 /* SinaWeiboRequest.m in Sources */,
				2968349216A6F9E500497598 /* MainPageViewController.m in Sources */,
				2968349516A6FA0900497598 /* MentionsViewController.m in Sources */,
				2968349816A6FA5B00497598 /* FollowAndFansViewController.m in Sources */,
				2968349B16A6FA8600497598 /* ProfileViewController.m in Sources */,
				2968349E16A6FA9600497598 /* SettingsViewController.m in Sources */,
				291BCB2916A827A20091F508 /* Status.m in Sources */,
				291BCB2C16A8295F0091F508 /* User.m in Sources */,
				29886BA016ACED7500CA7E8C /* SinaWeiboManager.m in Sources */,
				2978D7DD16AD2C880002E134 /* WriteWbViewController.m in Sources */,
				29CD822A16AF8F3800F4114F /* StatusCell.m in Sources */,
				29E9703A16B25DEB00D12F0A /* AFHTTPClient.m in Sources */,
				29E9703B16B25DEB00D12F0A /* AFHTTPRequestOperation.m in Sources */,
				29E9703C16B25DEB00D12F0A /* AFImageRequestOperation.m in Sources */,
				29E9703D16B25DEB00D12F0A /* AFJSONRequestOperation.m in Sources */,
				29E9703E16B25DEB00D12F0A /* AFNetworkActivityIndicatorManager.m in Sources */,
				29E9703F16B25DEB00D12F0A /* AFPropertyListRequestOperation.m in Sources */,
				29E9704016B25DEB00D12F0A /* AFURLConnectionOperation.m in Sources */,
				29E9704116B25DEB00D12F0A /* AFXMLRequestOperation.m in Sources */,
				29E9704216B25DEB00D12F0A /* UIImageView+AFNetworking.m in Sources */,
				29ABDDE116B61C13008D1500 /* STTweetLabel.m in Sources */,
				29336C5716B7659700071EE7 /* HtmlString.m in Sources */,
				29336C5816B7659700071EE7 /* RegexKitLite.m in Sources */,
				29751D8E16BFC3CC00F1EC9F /* StatusDetailViewController.m in Sources */,
				296400CA16C2236E00DCEF23 /* StatusDetailNameCell.m in Sources */,
				296400CF16C223FE00DCEF23 /* StatusDetailContentCell.m in Sources */,
				296400D616C24A8A00DCEF23 /* StatusDetailCommentCell.m in Sources */,
				294D2BF916C292A600478BB6 /* Comment.m in Sources */,
				2986386316C49D6600334EA0 /* UserDetailViewController.m in Sources */,
				2986386616C4A24F00334EA0 /* UserDetailNameCell.m in Sources */,
				2986386E16C4A47100334EA0 /* UserDetailInfoCell.m in Sources */,
				2986387A16C4DE8F00334EA0 /* UserDetailIntroCell.m in Sources */,
				291F889816CF7B3D004F7363 /* PullRefreshTableViewController.m in Sources */,
				291F889E16CF8E9D004F7363 /* SORelativeDateTransformer.m in Sources */,
			);
			runOnlyForDeploymentPostprocessing = 0;
		};
/* End PBXSourcesBuildPhase section */

/* Begin PBXVariantGroup section */
		2968346116A6F70000497598 /* InfoPlist.strings */ = {
			isa = PBXVariantGroup;
			children = (
				2968346216A6F70000497598 /* en */,
				2908D14F16CFADF400D94BF5 /* zh-Hans */,
			);
			name = InfoPlist.strings;
			sourceTree = "<group>";
		};
/* End PBXVariantGroup section */

/* Begin XCBuildConfiguration section */
		2968347016A6F70000497598 /* Debug */ = {
			isa = XCBuildConfiguration;
			buildSettings = {
				ALWAYS_SEARCH_USER_PATHS = NO;
				CLANG_CXX_LANGUAGE_STANDARD = "gnu++0x";
				CLANG_CXX_LIBRARY = "libc++";
				CLANG_ENABLE_OBJC_ARC = YES;
				CLANG_WARN_EMPTY_BODY = YES;
				CLANG_WARN__DUPLICATE_METHOD_MATCH = YES;
				CODE_SIGN_IDENTITY = "iPhone Developer: zixu zhang (6W42DX98N6)";
				"CODE_SIGN_IDENTITY[sdk=iphoneos*]" = "iPhone Developer: zixu zhang (6W42DX98N6)";
				COPY_PHASE_STRIP = NO;
				GCC_C_LANGUAGE_STANDARD = gnu99;
				GCC_DYNAMIC_NO_PIC = NO;
				GCC_OPTIMIZATION_LEVEL = 0;
				GCC_PREPROCESSOR_DEFINITIONS = (
					"DEBUG=1",
					"$(inherited)",
				);
				GCC_SYMBOLS_PRIVATE_EXTERN = NO;
				GCC_WARN_ABOUT_RETURN_TYPE = YES;
				GCC_WARN_UNINITIALIZED_AUTOS = YES;
				GCC_WARN_UNUSED_VARIABLE = YES;
				IPHONEOS_DEPLOYMENT_TARGET = 6.0;
				ONLY_ACTIVE_ARCH = YES;
				PROVISIONING_PROFILE = "363AA15B-70FD-4E08-B08E-A63FD4D3D834";
				SDKROOT = iphoneos;
				TARGETED_DEVICE_FAMILY = "1,2";
			};
			name = Debug;
		};
		2968347116A6F70000497598 /* Release */ = {
			isa = XCBuildConfiguration;
			buildSettings = {
				ALWAYS_SEARCH_USER_PATHS = NO;
				CLANG_CXX_LANGUAGE_STANDARD = "gnu++0x";
				CLANG_CXX_LIBRARY = "libc++";
				CLANG_ENABLE_OBJC_ARC = YES;
				CLANG_WARN_EMPTY_BODY = YES;
				CLANG_WARN__DUPLICATE_METHOD_MATCH = YES;
				CODE_SIGN_IDENTITY = "iPhone Developer: zixu zhang (6W42DX98N6)";
				"CODE_SIGN_IDENTITY[sdk=iphoneos*]" = "iPhone Developer: zixu zhang (6W42DX98N6)";
				COPY_PHASE_STRIP = YES;
				GCC_C_LANGUAGE_STANDARD = gnu99;
				GCC_WARN_ABOUT_RETURN_TYPE = YES;
				GCC_WARN_UNINITIALIZED_AUTOS = YES;
				GCC_WARN_UNUSED_VARIABLE = YES;
				IPHONEOS_DEPLOYMENT_TARGET = 6.0;
				OTHER_CFLAGS = "-DNS_BLOCK_ASSERTIONS=1";
				PROVISIONING_PROFILE = "363AA15B-70FD-4E08-B08E-A63FD4D3D834";
				SDKROOT = iphoneos;
				TARGETED_DEVICE_FAMILY = "1,2";
				VALIDATE_PRODUCT = YES;
			};
			name = Release;
		};
		2968347316A6F70000497598 /* Debug */ = {
			isa = XCBuildConfiguration;
			buildSettings = {
				GCC_PRECOMPILE_PREFIX_HEADER = YES;
				GCC_PREFIX_HEADER = "Weibuu/Weibuu-Prefix.pch";
				INFOPLIST_FILE = "Weibuu/Weibuu-Info.plist";
				PRODUCT_NAME = "$(TARGET_NAME)";
				WRAPPER_EXTENSION = app;
			};
			name = Debug;
		};
		2968347416A6F70000497598 /* Release */ = {
			isa = XCBuildConfiguration;
			buildSettings = {
				GCC_PRECOMPILE_PREFIX_HEADER = YES;
				GCC_PREFIX_HEADER = "Weibuu/Weibuu-Prefix.pch";
				INFOPLIST_FILE = "Weibuu/Weibuu-Info.plist";
				PRODUCT_NAME = "$(TARGET_NAME)";
				WRAPPER_EXTENSION = app;
			};
			name = Release;
		};
/* End XCBuildConfiguration section */

/* Begin XCConfigurationList section */
		2968344E16A6F70000497598 /* Build configuration list for PBXProject "Weibuu" */ = {
			isa = XCConfigurationList;
			buildConfigurations = (
				2968347016A6F70000497598 /* Debug */,
				2968347116A6F70000497598 /* Release */,
			);
			defaultConfigurationIsVisible = 0;
			defaultConfigurationName = Release;
		};
		2968347216A6F70000497598 /* Build configuration list for PBXNativeTarget "Weibuu" */ = {
			isa = XCConfigurationList;
			buildConfigurations = (
				2968347316A6F70000497598 /* Debug */,
				2968347416A6F70000497598 /* Release */,
			);
			defaultConfigurationIsVisible = 0;
			defaultConfigurationName = Release;
		};
/* End XCConfigurationList section */
	};
	rootObject = 2968344B16A6F70000497598 /* Project object */;
}
